<?xml version="1.0" encoding="UTF-8"?>
<Scheme
   LastUpgradeVersion = "1600"
   version = "1.7">
   <BuildAction
      parallelizeBuildables = "YES"
      buildImplicitDependencies = "YES"
      buildArchitectures = "Automatic">
      <BuildActionEntries>
         <BuildActionEntry
            buildForTesting = "YES"
            buildForRunning = "YES"
            buildForProfiling = "YES"
            buildForArchiving = "YES"
            buildForAnalyzing = "YES">
            <BuildableReference
               BuildableIdentifier = "primary"
               BlueprintIdentifier = "F0AF1ACC27D3684F008C55DD"
               BuildableName = "cjmp.app"
               BlueprintName = "cjmp"
               ReferencedContainer = "container:cjmp.xcodeproj">
            </BuildableReference>
         </BuildActionEntry>
      </BuildActionEntries>
   </BuildAction>
   <TestAction
      buildConfiguration = "Debug"
      selectedDebuggerIdentifier = "Xcode.DebuggerFoundation.Debugger.LLDB"
      selectedLauncherIdentifier = "Xcode.DebuggerFoundation.Launcher.LLDB"
      shouldUseLaunchSchemeArgsEnv = "YES"
      shouldAutocreateTestPlan = "YES">
      <MacroExpansion>
         <BuildableReference
            BuildableIdentifier = "primary"
            BlueprintIdentifier = "F0AF1ACC27D3684F008C55DD"
            BuildableName = "cjmp.app"
            BlueprintName = "cjmp"
            ReferencedContainer = "container:cjmp.xcodeproj">
         </BuildableReference>
      </MacroExpansion>
      <Testables>
         <TestableReference
            skipped = "NO">
            <BuildableReference
               BuildableIdentifier = "primary"
               BlueprintIdentifier = "2F1D98A87C534890478F6C53"
               BuildableName = "cjmpUITests.xctest"
               BlueprintName = "cjmpUITests"
               ReferencedContainer = "container:cjmp.xcodeproj">
            </BuildableReference>
         </TestableReference>
      </Testables>
   </TestAction>
   <LaunchAction
      buildConfiguration = "Debug"
      selectedDebuggerIdentifier = "Xcode.DebuggerFoundation.Debugger.LLDB"
      selectedLauncherIdentifier = "Xcode.DebuggerFoundation.Launcher.LLDB"
      launchStyle = "0"
      useCustomWorkingDirectory = "NO"
      ignoresPersistentStateOnLaunch = "NO"
      debugDocumentVersioning = "YES"
      debugServiceExtension = "internal"
      allowLocationSimulation = "YES">
      <BuildableProductRunnable
         runnableDebuggingMode = "0">
         <BuildableReference
            BuildableIdentifier = "primary"
            BlueprintIdentifier = "F0AF1ACC27D3684F008C55DD"
            BuildableName = "cjmp.app"
            BlueprintName = "cjmp"
            ReferencedContainer = "container:cjmp.xcodeproj">
         </BuildableReference>
      </BuildableProductRunnable>
      <CommandLineArguments>
         <CommandLineArgument
            argument = "test"
            isEnabled = "YES">
         </CommandLineArgument>
         <CommandLineArgument
            argument = "test"
            isEnabled = "YES">
         </CommandLineArgument>
         <CommandLineArgument
            argument = "bundleName"
            isEnabled = "YES">
         </CommandLineArgument>
         <CommandLineArgument
            argument = "bundleName"
            isEnabled = "YES">
         </CommandLineArgument>
         <CommandLineArgument
            argument = "moduleName"
            isEnabled = "YES">
         </CommandLineArgument>
         <CommandLineArgument
            argument = "moduleName"
            isEnabled = "YES">
         </CommandLineArgument>
         <CommandLineArgument
            argument = "unittest"
            isEnabled = "YES">
         </CommandLineArgument>
         <CommandLineArgument
            argument = "unittest"
            isEnabled = "YES">
         </CommandLineArgument>
         <CommandLineArgument
            argument = "timeout"
            isEnabled = "YES">
         </CommandLineArgument>
         <CommandLineArgument
            argument = "101"
            isEnabled = "YES">
         </CommandLineArgument>
      </CommandLineArguments>
   </LaunchAction>
   <ProfileAction
      buildConfiguration = "Release"
      shouldUseLaunchSchemeArgsEnv = "YES"
      savedToolIdentifier = ""
      useCustomWorkingDirectory = "NO"
      debugDocumentVersioning = "YES">
      <BuildableProductRunnable
         runnableDebuggingMode = "0">
         <BuildableReference
            BuildableIdentifier = "primary"
            BlueprintIdentifier = "F0AF1ACC27D3684F008C55DD"
            BuildableName = "cjmp.app"
            BlueprintName = "cjmp"
            ReferencedContainer = "container:cjmp.xcodeproj">
         </BuildableReference>
      </BuildableProductRunnable>
   </ProfileAction>
   <AnalyzeAction
      buildConfiguration = "Debug">
   </AnalyzeAction>
   <ArchiveAction
      buildConfiguration = "Release"
      revealArchiveInOrganizer = "YES">
   </ArchiveAction>
</Scheme>
