// !$*UTF8*$!
{
	archiveVersion = 1;
	classes = {
	};
	objectVersion = 50;
	objects = {

/* Begin PBXBuildFile section */
		03E799697380BAD63708D06C /* libohos.hilog.dylib in Frameworks */ = {isa = PBXBuildFile; fileRef = 8816C7971DEF52509F74DE80 /* libohos.hilog.dylib */; };
		0524BEBE953293EFACCAF3D4 /* libohos.component.dylib in Frameworks */ = {isa = PBXBuildFile; fileRef = 58C9BB15E1DFCDF92195CD3E /* libohos.component.dylib */; };
		0D66F944FC09D61B5ABB8C21 /* libcjmp.hilog.dylib in Frameworks */ = {isa = PBXBuildFile; fileRef = 818F7FD9D05B962C9707A2BC /* libcjmp.hilog.dylib */; };
		0D84B330C3C1C615E1761D56 /* libboundscheck.dylib in Frameworks */ = {isa = PBXBuildFile; fileRef = 784AC4B22A81729A48E9E688 /* libboundscheck.dylib */; };
		0E94A9BFDDD6ADDC7047FD1E /* libcangjie-std-regex.dylib in Embed Libraries */ = {isa = PBXBuildFile; fileRef = 295DD3D5216B78FACA414772 /* libcangjie-std-regex.dylib */; settings = {ATTRIBUTES = (CodeSignOnCopy, RemoveHeadersOnCopy, ); }; };
		0F0DC443102C5866EE2FE9EA /* libohos.rpc.dylib in Embed Libraries */ = {isa = PBXBuildFile; fileRef = F07229C210165AE1066BF3A8 /* libohos.rpc.dylib */; settings = {ATTRIBUTES = (CodeSignOnCopy, RemoveHeadersOnCopy, ); }; };
		15E28BBFFCE1FB9492CE8C78 /* libohos.ui_test.dylib in Embed Libraries */ = {isa = PBXBuildFile; fileRef = 0219DDA3F9299714EC996FC1 /* libohos.ui_test.dylib */; settings = {ATTRIBUTES = (CodeSignOnCopy, RemoveHeadersOnCopy, ); }; };
		192F3878CE0C328D717A76F0 /* libohos.base.dylib in Embed Libraries */ = {isa = PBXBuildFile; fileRef = 1058F8D39227C4E018F3FF30 /* libohos.base.dylib */; settings = {ATTRIBUTES = (CodeSignOnCopy, RemoveHeadersOnCopy, ); }; };
		21E728390CBEE6AD6D55126A /* libcjmp.hilog.dylib in Embed Libraries */ = {isa = PBXBuildFile; fileRef = 818F7FD9D05B962C9707A2BC /* libcjmp.hilog.dylib */; settings = {ATTRIBUTES = (CodeSignOnCopy, RemoveHeadersOnCopy, ); }; };
		2201B91EB9252FC35839BEAD /* libcangjie-std-unittest.common.dylib in Embed Libraries */ = {isa = PBXBuildFile; fileRef = 4E3FDE1B3DF0CB2C8F30FD69 /* libcangjie-std-unittest.common.dylib */; settings = {ATTRIBUTES = (CodeSignOnCopy, RemoveHeadersOnCopy, ); }; };
		22F6D739F6442F4B30AAD354 /* libcangjie-std-sort.dylib in Embed Libraries */ = {isa = PBXBuildFile; fileRef = 097EF602C832E3030A75C899 /* libcangjie-std-sort.dylib */; settings = {ATTRIBUTES = (CodeSignOnCopy, RemoveHeadersOnCopy, ); }; };
		27D9C5D9EA3B422F0A44B148 /* libboundscheck.dylib in Embed Libraries */ = {isa = PBXBuildFile; fileRef = 784AC4B22A81729A48E9E688 /* libboundscheck.dylib */; settings = {ATTRIBUTES = (CodeSignOnCopy, RemoveHeadersOnCopy, ); }; };
		2A85B0E09AFD66ED4D2C2EF7 /* libcangjie-std-unittest.mock.dylib in Embed Libraries */ = {isa = PBXBuildFile; fileRef = 4D548B56DD6B6CF0CCF390EC /* libcangjie-std-unittest.mock.dylib */; settings = {ATTRIBUTES = (CodeSignOnCopy, RemoveHeadersOnCopy, ); }; };
		2BAAFF049AA8841F9AFFA243 /* libcjmp.business_exception.dylib in Frameworks */ = {isa = PBXBuildFile; fileRef = EDF06EDA9E5D7E214AA7888A /* libcjmp.business_exception.dylib */; };
		2D1375E37439DA37FA516384 /* libohos.encoding.json.dylib in Embed Libraries */ = {isa = PBXBuildFile; fileRef = 91C33444300099E81AE47465 /* libohos.encoding.json.dylib */; settings = {ATTRIBUTES = (CodeSignOnCopy, RemoveHeadersOnCopy, ); }; };
		2E455A0FCBED7C2DBB8D42A7 /* libohos.webview.dylib in Frameworks */ = {isa = PBXBuildFile; fileRef = 7FB347B412FDCFDFD96F412E /* libohos.webview.dylib */; };
		306F809691092D0817D1DF81 /* libcangjie-std-io.dylib in Frameworks */ = {isa = PBXBuildFile; fileRef = 366140ECD3738893CC8CF4D0 /* libcangjie-std-io.dylib */; };
		32C1D9CBCF00A9B954D1A280 /* libcangjie-std-sort.dylib in Frameworks */ = {isa = PBXBuildFile; fileRef = 097EF602C832E3030A75C899 /* libcangjie-std-sort.dylib */; };
		331A2A3B9EFC9A785AE96824 /* libohos.webview.dylib in Embed Libraries */ = {isa = PBXBuildFile; fileRef = 7FB347B412FDCFDFD96F412E /* libohos.webview.dylib */; settings = {ATTRIBUTES = (CodeSignOnCopy, RemoveHeadersOnCopy, ); }; };
		34EBCB4D13983189D70DE0B9 /* libcangjie-std-sync.dylib in Embed Libraries */ = {isa = PBXBuildFile; fileRef = 637670D560E6942323AB8132 /* libcangjie-std-sync.dylib */; settings = {ATTRIBUTES = (CodeSignOnCopy, RemoveHeadersOnCopy, ); }; };
		383D7923623DA57FC4B60380 /* libcangjie-std-math.dylib in Embed Libraries */ = {isa = PBXBuildFile; fileRef = D5FB5550DB269E00EA80BED1 /* libcangjie-std-math.dylib */; settings = {ATTRIBUTES = (CodeSignOnCopy, RemoveHeadersOnCopy, ); }; };
		3970943F082D13A51CAE8979 /* libohos.rpc.dylib in Frameworks */ = {isa = PBXBuildFile; fileRef = F07229C210165AE1066BF3A8 /* libohos.rpc.dylib */; };
		3AD6EE445632FE82676B00F4 /* libcangjie-std-unittest.dylib in Embed Libraries */ = {isa = PBXBuildFile; fileRef = 7761EF7DC67F84C8DEE3972E /* libcangjie-std-unittest.dylib */; settings = {ATTRIBUTES = (CodeSignOnCopy, RemoveHeadersOnCopy, ); }; };
		3C8D0FA587E43BD72F95B5DC /* Foundation.framework in Frameworks */ = {isa = PBXBuildFile; fileRef = E266953D82C727040677E79F /* Foundation.framework */; };
		3E945BAE2E12513100176E58 /* keels in Resources */ = {isa = PBXBuildFile; fileRef = 3E945BAD2E12513100176E58 /* keels */; };
		4085E03ED7D52386C06C868C /* libcangjie-std-env.dylib in Frameworks */ = {isa = PBXBuildFile; fileRef = 3F68B26767F8D281AE1C6084 /* libcangjie-std-env.dylib */; };
		426073F77D463D64222985A3 /* libcangjie-std-binary.dylib in Embed Libraries */ = {isa = PBXBuildFile; fileRef = 2009FC9A52A347D7417D4F54 /* libcangjie-std-binary.dylib */; settings = {ATTRIBUTES = (CodeSignOnCopy, RemoveHeadersOnCopy, ); }; };
		426941900BCEABA4D5918DF0 /* XCTest.framework in Frameworks */ = {isa = PBXBuildFile; fileRef = 08726B4958031FA64497769A /* XCTest.framework */; };
		43758C520BC597A996AB7B55 /* libcangjie-std-unicode.dylib in Frameworks */ = {isa = PBXBuildFile; fileRef = 194F29F7A58788F1DA1C5F67 /* libcangjie-std-unicode.dylib */; };
		44CEE07F967D0EEF81A8C40F /* libcjmp.ffi.dylib in Frameworks */ = {isa = PBXBuildFile; fileRef = 4BF95B9FB4C2098EB56BA12A /* libcjmp.ffi.dylib */; };
		45D730B577FDA0DB9DBED002 /* libohos.state_manage.dylib in Embed Libraries */ = {isa = PBXBuildFile; fileRef = 1A6FE7A31D6D452AF3582D4F /* libohos.state_manage.dylib */; settings = {ATTRIBUTES = (CodeSignOnCopy, RemoveHeadersOnCopy, ); }; };
		46EE92D48A079C5B819C4E53 /* libcangjie-std-random.dylib in Frameworks */ = {isa = PBXBuildFile; fileRef = A83ABA8D9CAF362E22C5CC80 /* libcangjie-std-random.dylib */; };
		4E331F1F235A5DD7DED4C0FC /* libcangjie-std-net.dylib in Frameworks */ = {isa = PBXBuildFile; fileRef = 4486DF14B269A7AA5B37AB83 /* libcangjie-std-net.dylib */; };
		4FD870F1EE9AB7AFE7890FA7 /* libcommon.dylib in Frameworks */ = {isa = PBXBuildFile; fileRef = BFB3EDFFD664753A0EF6F7B3 /* libcommon.dylib */; };
		51BF5CF30B2AF6C30AE59C5D /* libohos.hilog.dylib in Embed Libraries */ = {isa = PBXBuildFile; fileRef = 8816C7971DEF52509F74DE80 /* libohos.hilog.dylib */; settings = {ATTRIBUTES = (CodeSignOnCopy, RemoveHeadersOnCopy, ); }; };
		5216A2E885E49DEE9114F25D /* libohos.ability.dylib in Embed Libraries */ = {isa = PBXBuildFile; fileRef = 03A4C95ECA3AB7F2A70BB233 /* libohos.ability.dylib */; settings = {ATTRIBUTES = (CodeSignOnCopy, RemoveHeadersOnCopy, ); }; };
		529EC0EED452293563ACED81 /* libohos.base.dylib in Frameworks */ = {isa = PBXBuildFile; fileRef = 1058F8D39227C4E018F3FF30 /* libohos.base.dylib */; };
		530AECD8D6D7EB4687B46746 /* libohos.color_manager.dylib in Embed Libraries */ = {isa = PBXBuildFile; fileRef = 7E66CC12C542E42BF29BFD36 /* libohos.color_manager.dylib */; settings = {ATTRIBUTES = (CodeSignOnCopy, RemoveHeadersOnCopy, ); }; };
		53C392FD2BF9D858C380D521 /* libuitest.dylib in Embed Libraries */ = {isa = PBXBuildFile; fileRef = CEA38B1BCDDF36C6CC3CB337 /* libuitest.dylib */; settings = {ATTRIBUTES = (CodeSignOnCopy, RemoveHeadersOnCopy, ); }; };
		55149BF4CD799663E4E66D0A /* libohos.ffi.dylib in Embed Libraries */ = {isa = PBXBuildFile; fileRef = 5C46A3C89557D84764A20121 /* libohos.ffi.dylib */; settings = {ATTRIBUTES = (CodeSignOnCopy, RemoveHeadersOnCopy, ); }; };
		5669EFE4533DEF594D8DAF56 /* libohos.labels.dylib in Frameworks */ = {isa = PBXBuildFile; fileRef = 5171BB4B9BA802DAF4EFD652 /* libohos.labels.dylib */; };
		56D60AFCB818E409702445EF /* libcjmp.ffi.dylib in Embed Libraries */ = {isa = PBXBuildFile; fileRef = 4BF95B9FB4C2098EB56BA12A /* libcjmp.ffi.dylib */; settings = {ATTRIBUTES = (CodeSignOnCopy, RemoveHeadersOnCopy, ); }; };
		5901968937905AEB459DC507 /* libohos.labels.dylib in Embed Libraries */ = {isa = PBXBuildFile; fileRef = 5171BB4B9BA802DAF4EFD652 /* libohos.labels.dylib */; settings = {ATTRIBUTES = (CodeSignOnCopy, RemoveHeadersOnCopy, ); }; };
		5A1C71A854EE2135351E6E55 /* libohos.resource_manager.dylib in Frameworks */ = {isa = PBXBuildFile; fileRef = 5D36177C31CD23DDF4B8AF24 /* libohos.resource_manager.dylib */; };
		5B1BD633C853921EB27C85DE /* libohos.matrix4.dylib in Frameworks */ = {isa = PBXBuildFile; fileRef = 71FF15C43B8A708606947487 /* libohos.matrix4.dylib */; };
		5C9AD3DC7C3E152B8F6780DE /* libohos_app_cangjie_entry.dylib in Frameworks */ = {isa = PBXBuildFile; fileRef = 22AB54E8488FB529CCB5E4AD /* libohos_app_cangjie_entry.dylib */; };
		5CEF58DEC6A0DB1306639574 /* libohos.eventhub.dylib in Frameworks */ = {isa = PBXBuildFile; fileRef = 9B6DFB4780A10A895E060740 /* libohos.eventhub.dylib */; };
		5F9E56671630D49C54C8478C /* libohos.encoding.json.dylib in Frameworks */ = {isa = PBXBuildFile; fileRef = 91C33444300099E81AE47465 /* libohos.encoding.json.dylib */; };
		617F761228854C4B6F79AE98 /* libcangjie-std-fs.dylib in Frameworks */ = {isa = PBXBuildFile; fileRef = D312F99A7D819EF5AE1FDF63 /* libcangjie-std-fs.dylib */; };
		6252028EF6F06B406976FF34 /* libcangjie-std-binary.dylib in Frameworks */ = {isa = PBXBuildFile; fileRef = 2009FC9A52A347D7417D4F54 /* libcangjie-std-binary.dylib */; };
		64F1FD647BDAEA61F70153D1 /* libcangjie-std-unittest.prop_test.dylib in Frameworks */ = {isa = PBXBuildFile; fileRef = 84C139CD6495C8E70EEF4AC6 /* libcangjie-std-unittest.prop_test.dylib */; };
		691B10143D72AE0C5A903143 /* libohos.component.dylib in Embed Libraries */ = {isa = PBXBuildFile; fileRef = 58C9BB15E1DFCDF92195CD3E /* libohos.component.dylib */; settings = {ATTRIBUTES = (CodeSignOnCopy, RemoveHeadersOnCopy, ); }; };
		6B6AC3395386D73B26438E8D /* libcjmp.callback_invoke.dylib in Frameworks */ = {isa = PBXBuildFile; fileRef = DBD91BBEC5A40E682A2C564F /* libcjmp.callback_invoke.dylib */; };
		6B8F2FC2E0F2FAB3CEC39D30 /* libcjmp.labels.dylib in Embed Libraries */ = {isa = PBXBuildFile; fileRef = 3261FBFFD037328A3A397565 /* libcjmp.labels.dylib */; settings = {ATTRIBUTES = (CodeSignOnCopy, RemoveHeadersOnCopy, ); }; };
		6C2E44CD305D702648A19587 /* libkeels_ios.framework in Embed Libraries */ = {isa = PBXBuildFile; fileRef = 561834659470A0BE456D096C /* libkeels_ios.framework */; settings = {ATTRIBUTES = (CodeSignOnCopy, RemoveHeadersOnCopy, ); }; };
		72D61974072C3A8DFC8720A4 /* libcangjie-std-unittest.mock.internal.dylib in Embed Libraries */ = {isa = PBXBuildFile; fileRef = 12D8D47CEF90B5ACAA69F54E /* libcangjie-std-unittest.mock.internal.dylib */; settings = {ATTRIBUTES = (CodeSignOnCopy, RemoveHeadersOnCopy, ); }; };
		794E3318DFDB689D864EF232 /* libcangjie-std-sync.dylib in Frameworks */ = {isa = PBXBuildFile; fileRef = 637670D560E6942323AB8132 /* libcangjie-std-sync.dylib */; };
		7CBD7B53A234DD45DAF274A0 /* libohos.bundle_manager.dylib in Frameworks */ = {isa = PBXBuildFile; fileRef = 21C53E811DBF80E5EB7B921F /* libohos.bundle_manager.dylib */; };
		7E437E2976A7B3497299EE64 /* libkeels_ios.framework in Frameworks */ = {isa = PBXBuildFile; fileRef = 561834659470A0BE456D096C /* libkeels_ios.framework */; };
		7F4D297B5F0F1A16D6D50F6E /* libcangjie-std-process.dylib in Embed Libraries */ = {isa = PBXBuildFile; fileRef = CA4F64C0EFA34D7D3FA8F4ED /* libcangjie-std-process.dylib */; settings = {ATTRIBUTES = (CodeSignOnCopy, RemoveHeadersOnCopy, ); }; };
		807959298FF9339627864333 /* libcangjie-std-runtime.dylib in Embed Libraries */ = {isa = PBXBuildFile; fileRef = B3D9779B4B1A5CB5CEEB9EC9 /* libcangjie-std-runtime.dylib */; settings = {ATTRIBUTES = (CodeSignOnCopy, RemoveHeadersOnCopy, ); }; };
		81D87D5E5E9A16E1222F91C1 /* libcangjie-std-collection.dylib in Frameworks */ = {isa = PBXBuildFile; fileRef = 7104D7F8E96155275D9B8C77 /* libcangjie-std-collection.dylib */; };
		82B7C059C685DC14F43F9E97 /* libcangjie-std-collection.dylib in Embed Libraries */ = {isa = PBXBuildFile; fileRef = 7104D7F8E96155275D9B8C77 /* libcangjie-std-collection.dylib */; settings = {ATTRIBUTES = (CodeSignOnCopy, RemoveHeadersOnCopy, ); }; };
		8722ED47A7275D233234B7DA /* libuitest.dylib in Frameworks */ = {isa = PBXBuildFile; fileRef = CEA38B1BCDDF36C6CC3CB337 /* libuitest.dylib */; };
		87ABA8C74BC5843A44F770F8 /* libcangjie-std-env.dylib in Embed Libraries */ = {isa = PBXBuildFile; fileRef = 3F68B26767F8D281AE1C6084 /* libcangjie-std-env.dylib */; settings = {ATTRIBUTES = (CodeSignOnCopy, RemoveHeadersOnCopy, ); }; };
		87C6392129F89419DE6828C9 /* libohos.hi_tracemeter.dylib in Embed Libraries */ = {isa = PBXBuildFile; fileRef = 89ADD4A692756EB619F84672 /* libohos.hi_tracemeter.dylib */; settings = {ATTRIBUTES = (CodeSignOnCopy, RemoveHeadersOnCopy, ); }; };
		87EB1FB00C9EEC27548BCD48 /* libcangjie-std-unittest.dylib in Frameworks */ = {isa = PBXBuildFile; fileRef = 7761EF7DC67F84C8DEE3972E /* libcangjie-std-unittest.dylib */; };
		89E41E4529F505070004F33E /* EntryEntryAbilityViewController.m in Sources */ = {isa = PBXBuildFile; fileRef = 89E41E4329F505070004F33E /* EntryEntryAbilityViewController.m */; };
		8B429E85857E0AFF1EAE751C /* libohos_app_cangjie_entry.dylib in Embed Libraries */ = {isa = PBXBuildFile; fileRef = 22AB54E8488FB529CCB5E4AD /* libohos_app_cangjie_entry.dylib */; settings = {ATTRIBUTES = (CodeSignOnCopy, RemoveHeadersOnCopy, ); }; };
		8D3DCA3AAC54F6681465278D /* libcangjie-std-runtime.dylib in Frameworks */ = {isa = PBXBuildFile; fileRef = B3D9779B4B1A5CB5CEEB9EC9 /* libcangjie-std-runtime.dylib */; };
		90D82E1846D5BA283AB40ADA /* libcangjie-std-unittest.prop_test.dylib in Embed Libraries */ = {isa = PBXBuildFile; fileRef = 84C139CD6495C8E70EEF4AC6 /* libcangjie-std-unittest.prop_test.dylib */; settings = {ATTRIBUTES = (CodeSignOnCopy, RemoveHeadersOnCopy, ); }; };
		91FDBFE4939A54CE74319772 /* CjmpUITests.swift in Sources */ = {isa = PBXBuildFile; fileRef = 7C7A8FA1841C5B987731713A /* CjmpUITests.swift */; };
		929767D5D4C5F9096F5F5C13 /* libpcre2-8.0.dylib in Embed Libraries */ = {isa = PBXBuildFile; fileRef = B1A1F07551471BEEA2EB912A /* libpcre2-8.0.dylib */; settings = {ATTRIBUTES = (CodeSignOnCopy, RemoveHeadersOnCopy, ); }; };
		94E96B315F6B578670D1EA7D /* libcangjie-std-convert.dylib in Frameworks */ = {isa = PBXBuildFile; fileRef = F6ED2F5E66D43312A1586414 /* libcangjie-std-convert.dylib */; };
		94EBAC6B1F790CF65E5A6BA7 /* libohos.image.dylib in Frameworks */ = {isa = PBXBuildFile; fileRef = A696A8B29FD916EEF3A8A186 /* libohos.image.dylib */; };
		94ED0A03B5D9C4C5E5157EC0 /* libcjmp.labels.dylib in Frameworks */ = {isa = PBXBuildFile; fileRef = 3261FBFFD037328A3A397565 /* libcjmp.labels.dylib */; };
		963638F89DC27FC173435983 /* libohos.eventhub.dylib in Embed Libraries */ = {isa = PBXBuildFile; fileRef = 9B6DFB4780A10A895E060740 /* libohos.eventhub.dylib */; settings = {ATTRIBUTES = (CodeSignOnCopy, RemoveHeadersOnCopy, ); }; };
		97D7E881BD77A190A1023FA6 /* libcangjie-std-unicode.dylib in Embed Libraries */ = {isa = PBXBuildFile; fileRef = 194F29F7A58788F1DA1C5F67 /* libcangjie-std-unicode.dylib */; settings = {ATTRIBUTES = (CodeSignOnCopy, RemoveHeadersOnCopy, ); }; };
		9815A0BC69B696290FC0DDCD /* libcangjie-runtime.dylib in Embed Libraries */ = {isa = PBXBuildFile; fileRef = 6073D835E7CDEC2C931DECEC /* libcangjie-runtime.dylib */; settings = {ATTRIBUTES = (CodeSignOnCopy, RemoveHeadersOnCopy, ); }; };
		9872278D007613D428B50818 /* libcangjie-std-random.dylib in Embed Libraries */ = {isa = PBXBuildFile; fileRef = A83ABA8D9CAF362E22C5CC80 /* libcangjie-std-random.dylib */; settings = {ATTRIBUTES = (CodeSignOnCopy, RemoveHeadersOnCopy, ); }; };
		98BF09C4FF6F87F713CF9B6E /* libcangjie-std-regex.dylib in Frameworks */ = {isa = PBXBuildFile; fileRef = 295DD3D5216B78FACA414772 /* libcangjie-std-regex.dylib */; };
		99CA87836556B563C072C850 /* libcangjie-std-unittest.diff.dylib in Frameworks */ = {isa = PBXBuildFile; fileRef = 49A9BDDADDE12AE98F729CB8 /* libcangjie-std-unittest.diff.dylib */; };
		9A910C3365DD9B8F6AF7089D /* libcommon.dylib in Embed Libraries */ = {isa = PBXBuildFile; fileRef = BFB3EDFFD664753A0EF6F7B3 /* libcommon.dylib */; settings = {ATTRIBUTES = (CodeSignOnCopy, RemoveHeadersOnCopy, ); }; };
		A02D11CD0D35E8157A383A19 /* libnet_connection.dylib in Frameworks */ = {isa = PBXBuildFile; fileRef = C89A239B7D22EBB0E14C8EAA /* libnet_connection.dylib */; };
		A1A16B588A6F70FDBE1BE23D /* libohos.ui_resource.dylib in Embed Libraries */ = {isa = PBXBuildFile; fileRef = C7A04988E2A09388F500DEFA /* libohos.ui_resource.dylib */; settings = {ATTRIBUTES = (CodeSignOnCopy, RemoveHeadersOnCopy, ); }; };
		A29EFD9947AC6880AF25DD2D /* libohos.hi_tracemeter.dylib in Frameworks */ = {isa = PBXBuildFile; fileRef = 89ADD4A692756EB619F84672 /* libohos.hi_tracemeter.dylib */; };
		A756C3F42B5A7029AFB334F3 /* libohos.matrix4.dylib in Embed Libraries */ = {isa = PBXBuildFile; fileRef = 71FF15C43B8A708606947487 /* libohos.matrix4.dylib */; settings = {ATTRIBUTES = (CodeSignOnCopy, RemoveHeadersOnCopy, ); }; };
		AC103FC38BB89C4AF36EF64B /* libohos.window.dylib in Frameworks */ = {isa = PBXBuildFile; fileRef = 4D89D24ED0154304DE3AAD60 /* libohos.window.dylib */; };
		AD0D04749CFD634BB5657673 /* libcangjie-std-fs.dylib in Embed Libraries */ = {isa = PBXBuildFile; fileRef = D312F99A7D819EF5AE1FDF63 /* libcangjie-std-fs.dylib */; settings = {ATTRIBUTES = (CodeSignOnCopy, RemoveHeadersOnCopy, ); }; };
		AD762B1BAD231E6CCF021B4E /* libohos.window.dylib in Embed Libraries */ = {isa = PBXBuildFile; fileRef = 4D89D24ED0154304DE3AAD60 /* libohos.window.dylib */; settings = {ATTRIBUTES = (CodeSignOnCopy, RemoveHeadersOnCopy, ); }; };
		ADCA41D564CBEFCFA7C81B91 /* libcangjie-std-argopt.dylib in Frameworks */ = {isa = PBXBuildFile; fileRef = E3CC6667A17C94F62DF0EEF3 /* libcangjie-std-argopt.dylib */; };
		B13C36B6F5CB4E8D2B2E7E6A /* libcangjie-std-math.dylib in Frameworks */ = {isa = PBXBuildFile; fileRef = D5FB5550DB269E00EA80BED1 /* libcangjie-std-math.dylib */; };
		B16B76CD1BFE930E495CF5C5 /* libcjmp.net.connection.dylib in Frameworks */ = {isa = PBXBuildFile; fileRef = 9A70B1E6A11D30D5CEB161B0 /* libcjmp.net.connection.dylib */; };
		B2D3B8C73474987C22D6A775 /* libcangjie-std-time.dylib in Frameworks */ = {isa = PBXBuildFile; fileRef = 0C0441DAE2C9ADA3F984B13A /* libcangjie-std-time.dylib */; };
		B30C7972235E66D65747F098 /* libcangjie-std-convert.dylib in Embed Libraries */ = {isa = PBXBuildFile; fileRef = F6ED2F5E66D43312A1586414 /* libcangjie-std-convert.dylib */; settings = {ATTRIBUTES = (CodeSignOnCopy, RemoveHeadersOnCopy, ); }; };
		B38D4E7E21A5EF59CEABB209 /* libohos.resource_manager.dylib in Embed Libraries */ = {isa = PBXBuildFile; fileRef = 5D36177C31CD23DDF4B8AF24 /* libohos.resource_manager.dylib */; settings = {ATTRIBUTES = (CodeSignOnCopy, RemoveHeadersOnCopy, ); }; };
		B54C9999D96741B63624F2CF /* libpcre2-8.0.dylib in Frameworks */ = {isa = PBXBuildFile; fileRef = B1A1F07551471BEEA2EB912A /* libpcre2-8.0.dylib */; };
		B71320ADDDDB4B4B5290A2BD /* libcjmp.business_exception.dylib in Embed Libraries */ = {isa = PBXBuildFile; fileRef = EDF06EDA9E5D7E214AA7888A /* libcjmp.business_exception.dylib */; settings = {ATTRIBUTES = (CodeSignOnCopy, RemoveHeadersOnCopy, ); }; };
		B78B3E78F87D05875E4EC066 /* libcangjie-runtime.dylib in Frameworks */ = {isa = PBXBuildFile; fileRef = 6073D835E7CDEC2C931DECEC /* libcangjie-runtime.dylib */; };
		B8EA10FF1FA329B8A1B48ACC /* libcangjie-std-collection.concurrent.dylib in Embed Libraries */ = {isa = PBXBuildFile; fileRef = A9D3A55800AA71DCCD015B0E /* libcangjie-std-collection.concurrent.dylib */; settings = {ATTRIBUTES = (CodeSignOnCopy, RemoveHeadersOnCopy, ); }; };
		B90D9F70CD3D45333349E1A7 /* libjnicjmp.dylib in Frameworks */ = {isa = PBXBuildFile; fileRef = 9393D10992FDBA2C39E6729A /* libjnicjmp.dylib */; };
		B978A5D33364CD549DAA5054 /* libhilog.dylib in Frameworks */ = {isa = PBXBuildFile; fileRef = C2E75399E9E787EF0EA66A54 /* libhilog.dylib */; };
		C68CAFF0ED31B7993A9DE4D9 /* libcangjie-std-unittest.mock.internal.dylib in Frameworks */ = {isa = PBXBuildFile; fileRef = 12D8D47CEF90B5ACAA69F54E /* libcangjie-std-unittest.mock.internal.dylib */; };
		C69BB006CC7C73734A850BE6 /* libcangjie-std-collection.concurrent.dylib in Frameworks */ = {isa = PBXBuildFile; fileRef = A9D3A55800AA71DCCD015B0E /* libcangjie-std-collection.concurrent.dylib */; };
		C6B757CB0F88E7B876B3A4B3 /* libohos.state_manage.dylib in Frameworks */ = {isa = PBXBuildFile; fileRef = 1A6FE7A31D6D452AF3582D4F /* libohos.state_manage.dylib */; };
		C7B50C126868CFA57E90ECFC /* libnet_connection.dylib in Embed Libraries */ = {isa = PBXBuildFile; fileRef = C89A239B7D22EBB0E14C8EAA /* libnet_connection.dylib */; settings = {ATTRIBUTES = (CodeSignOnCopy, RemoveHeadersOnCopy, ); }; };
		C7BE7217AC77A77E01E188BA /* libcangjie-std-unittest.mock.dylib in Frameworks */ = {isa = PBXBuildFile; fileRef = 4D548B56DD6B6CF0CCF390EC /* libcangjie-std-unittest.mock.dylib */; };
		C7DD9D6B07A071235C6934D1 /* libohos.web.net_error_list.dylib in Frameworks */ = {isa = PBXBuildFile; fileRef = C9AD6A13436F4A62AB7D5A5C /* libohos.web.net_error_list.dylib */; };
		CAADC0C3FE4A577353FB5391 /* libcangjie-std-core.dylib in Frameworks */ = {isa = PBXBuildFile; fileRef = 180C4B52942D672607147620 /* libcangjie-std-core.dylib */; };
		CCB27A58B7153727F0AC81CD /* libohos.ui_resource.dylib in Frameworks */ = {isa = PBXBuildFile; fileRef = C7A04988E2A09388F500DEFA /* libohos.ui_resource.dylib */; };
		D0BAD236854F4CDE546C4934 /* libohos.bundle_manager.dylib in Embed Libraries */ = {isa = PBXBuildFile; fileRef = 21C53E811DBF80E5EB7B921F /* libohos.bundle_manager.dylib */; settings = {ATTRIBUTES = (CodeSignOnCopy, RemoveHeadersOnCopy, ); }; };
		D0F994557935DC157A93F3E5 /* libcangjie-std-io.dylib in Embed Libraries */ = {isa = PBXBuildFile; fileRef = 366140ECD3738893CC8CF4D0 /* libcangjie-std-io.dylib */; settings = {ATTRIBUTES = (CodeSignOnCopy, RemoveHeadersOnCopy, ); }; };
		D1CEDE3D1F6C0E62EFF9060D /* libcangjie-std-unittest.common.dylib in Frameworks */ = {isa = PBXBuildFile; fileRef = 4E3FDE1B3DF0CB2C8F30FD69 /* libcangjie-std-unittest.common.dylib */; };
		D5CB86F6E806483A5984D9D3 /* libcangjie-std-overflow.dylib in Frameworks */ = {isa = PBXBuildFile; fileRef = 596E80E3B38B2917275B3565 /* libcangjie-std-overflow.dylib */; };
		D75227679CA97D4A5A93BD78 /* libcangjie-std-unittest.diff.dylib in Embed Libraries */ = {isa = PBXBuildFile; fileRef = 49A9BDDADDE12AE98F729CB8 /* libcangjie-std-unittest.diff.dylib */; settings = {ATTRIBUTES = (CodeSignOnCopy, RemoveHeadersOnCopy, ); }; };
		DA6875E72630F76937FF0205 /* libjnicjmp.dylib in Embed Libraries */ = {isa = PBXBuildFile; fileRef = 9393D10992FDBA2C39E6729A /* libjnicjmp.dylib */; settings = {ATTRIBUTES = (CodeSignOnCopy, RemoveHeadersOnCopy, ); }; };
		DFE6AA29C821B80761A46A8C /* libcjmp.callback_invoke.dylib in Embed Libraries */ = {isa = PBXBuildFile; fileRef = DBD91BBEC5A40E682A2C564F /* libcjmp.callback_invoke.dylib */; settings = {ATTRIBUTES = (CodeSignOnCopy, RemoveHeadersOnCopy, ); }; };
		E21D3602E8E123E6BA0DAF04 /* libcjmp.net.connection.dylib in Embed Libraries */ = {isa = PBXBuildFile; fileRef = 9A70B1E6A11D30D5CEB161B0 /* libcjmp.net.connection.dylib */; settings = {ATTRIBUTES = (CodeSignOnCopy, RemoveHeadersOnCopy, ); }; };
		E22757E9FF84EF3C74D07F7D /* libcangjie-std-core.dylib in Embed Libraries */ = {isa = PBXBuildFile; fileRef = 180C4B52942D672607147620 /* libcangjie-std-core.dylib */; settings = {ATTRIBUTES = (CodeSignOnCopy, RemoveHeadersOnCopy, ); }; };
		E8673D9D9A9F7F28D0130242 /* libohos.web.net_error_list.dylib in Embed Libraries */ = {isa = PBXBuildFile; fileRef = C9AD6A13436F4A62AB7D5A5C /* libohos.web.net_error_list.dylib */; settings = {ATTRIBUTES = (CodeSignOnCopy, RemoveHeadersOnCopy, ); }; };
		EAF71AAF991C4294F82C6873 /* libcangjie-std-net.dylib in Embed Libraries */ = {isa = PBXBuildFile; fileRef = 4486DF14B269A7AA5B37AB83 /* libcangjie-std-net.dylib */; settings = {ATTRIBUTES = (CodeSignOnCopy, RemoveHeadersOnCopy, ); }; };
		EB3F88522AFE27E486930218 /* libohos.ui_test.dylib in Frameworks */ = {isa = PBXBuildFile; fileRef = 0219DDA3F9299714EC996FC1 /* libohos.ui_test.dylib */; };
		F0AF1AD227D3684F008C55DD /* AppDelegate.m in Sources */ = {isa = PBXBuildFile; fileRef = F0AF1AD127D3684F008C55DD /* AppDelegate.m */; };
		F0AF1ADD27D36856008C55DD /* Assets.xcassets in Resources */ = {isa = PBXBuildFile; fileRef = F0AF1ADC27D36856008C55DD /* Assets.xcassets */; };
		F0AF1AE027D36856008C55DD /* LaunchScreen.storyboard in Resources */ = {isa = PBXBuildFile; fileRef = F0AF1ADE27D36856008C55DD /* LaunchScreen.storyboard */; };
		F0AF1AE327D36856008C55DD /* main.m in Sources */ = {isa = PBXBuildFile; fileRef = F0AF1AE227D36856008C55DD /* main.m */; };
		F2E8FD97B6F629F4AB47A9F9 /* libohos.ability.dylib in Frameworks */ = {isa = PBXBuildFile; fileRef = 03A4C95ECA3AB7F2A70BB233 /* libohos.ability.dylib */; };
		F30676160DAAEB983BDFDA4E /* libhilog.dylib in Embed Libraries */ = {isa = PBXBuildFile; fileRef = C2E75399E9E787EF0EA66A54 /* libhilog.dylib */; settings = {ATTRIBUTES = (CodeSignOnCopy, RemoveHeadersOnCopy, ); }; };
		F4ED11082D3AC4EECD8E4DB1 /* libcangjie-std-overflow.dylib in Embed Libraries */ = {isa = PBXBuildFile; fileRef = 596E80E3B38B2917275B3565 /* libcangjie-std-overflow.dylib */; settings = {ATTRIBUTES = (CodeSignOnCopy, RemoveHeadersOnCopy, ); }; };
		F670FD1BE21BC1509CD17582 /* libohos.color_manager.dylib in Frameworks */ = {isa = PBXBuildFile; fileRef = 7E66CC12C542E42BF29BFD36 /* libohos.color_manager.dylib */; };
		F7D9DFA21E90E56313A25C2C /* libohos.router.dylib in Frameworks */ = {isa = PBXBuildFile; fileRef = 9E3FE25DEE78A7B36BB29F74 /* libohos.router.dylib */; };
		FAABED43C576C92CAE6CA7FF /* libcangjie-std-argopt.dylib in Embed Libraries */ = {isa = PBXBuildFile; fileRef = E3CC6667A17C94F62DF0EEF3 /* libcangjie-std-argopt.dylib */; settings = {ATTRIBUTES = (CodeSignOnCopy, RemoveHeadersOnCopy, ); }; };
		FBB9CA3894D617180722BFDC /* libohos.ffi.dylib in Frameworks */ = {isa = PBXBuildFile; fileRef = 5C46A3C89557D84764A20121 /* libohos.ffi.dylib */; };
		FD0D7F582E508B744814C4A2 /* libcangjie-std-time.dylib in Embed Libraries */ = {isa = PBXBuildFile; fileRef = 0C0441DAE2C9ADA3F984B13A /* libcangjie-std-time.dylib */; settings = {ATTRIBUTES = (CodeSignOnCopy, RemoveHeadersOnCopy, ); }; };
		FD699F11EA0FFC5CF78440DF /* libcangjie-std-process.dylib in Frameworks */ = {isa = PBXBuildFile; fileRef = CA4F64C0EFA34D7D3FA8F4ED /* libcangjie-std-process.dylib */; };
		FE36B08AE4A9C90DEB1E396F /* libohos.router.dylib in Embed Libraries */ = {isa = PBXBuildFile; fileRef = 9E3FE25DEE78A7B36BB29F74 /* libohos.router.dylib */; settings = {ATTRIBUTES = (CodeSignOnCopy, RemoveHeadersOnCopy, ); }; };
		FF41FD33D4AA50BA875D9AC9 /* libohos.image.dylib in Embed Libraries */ = {isa = PBXBuildFile; fileRef = A696A8B29FD916EEF3A8A186 /* libohos.image.dylib */; settings = {ATTRIBUTES = (CodeSignOnCopy, RemoveHeadersOnCopy, ); }; };
/* End PBXBuildFile section */

/* Begin PBXContainerItemProxy section */
		2A0A2DF8C12DCA827D456743 /* PBXContainerItemProxy */ = {
			isa = PBXContainerItemProxy;
			containerPortal = F0AF1AC527D3684F008C55DD /* Project object */;
			proxyType = 1;
			remoteGlobalIDString = F0AF1ACC27D3684F008C55DD;
			remoteInfo = cjmp;
		};
/* End PBXContainerItemProxy section */

/* Begin PBXCopyFilesBuildPhase section */
		3E9454492E0E789600176E58 /* Embed Libraries */ = {
			isa = PBXCopyFilesBuildPhase;
			buildActionMask = 2147483647;
			dstPath = "";
			dstSubfolderSpec = 10;
			files = (
				A1A16B588A6F70FDBE1BE23D /* libohos.ui_resource.dylib in Embed Libraries */,
				B8EA10FF1FA329B8A1B48ACC /* libcangjie-std-collection.concurrent.dylib in Embed Libraries */,
				9815A0BC69B696290FC0DDCD /* libcangjie-runtime.dylib in Embed Libraries */,
				426073F77D463D64222985A3 /* libcangjie-std-binary.dylib in Embed Libraries */,
				E8673D9D9A9F7F28D0130242 /* libohos.web.net_error_list.dylib in Embed Libraries */,
				A756C3F42B5A7029AFB334F3 /* libohos.matrix4.dylib in Embed Libraries */,
				7F4D297B5F0F1A16D6D50F6E /* libcangjie-std-process.dylib in Embed Libraries */,
				EAF71AAF991C4294F82C6873 /* libcangjie-std-net.dylib in Embed Libraries */,
				D0F994557935DC157A93F3E5 /* libcangjie-std-io.dylib in Embed Libraries */,
				331A2A3B9EFC9A785AE96824 /* libohos.webview.dylib in Embed Libraries */,
				2A85B0E09AFD66ED4D2C2EF7 /* libcangjie-std-unittest.mock.dylib in Embed Libraries */,
				FD0D7F582E508B744814C4A2 /* libcangjie-std-time.dylib in Embed Libraries */,
				929767D5D4C5F9096F5F5C13 /* libpcre2-8.0.dylib in Embed Libraries */,
				72D61974072C3A8DFC8720A4 /* libcangjie-std-unittest.mock.internal.dylib in Embed Libraries */,
				97D7E881BD77A190A1023FA6 /* libcangjie-std-unicode.dylib in Embed Libraries */,
				E21D3602E8E123E6BA0DAF04 /* libcjmp.net.connection.dylib in Embed Libraries */,
				F30676160DAAEB983BDFDA4E /* libhilog.dylib in Embed Libraries */,
				34EBCB4D13983189D70DE0B9 /* libcangjie-std-sync.dylib in Embed Libraries */,
				D0BAD236854F4CDE546C4934 /* libohos.bundle_manager.dylib in Embed Libraries */,
				FE36B08AE4A9C90DEB1E396F /* libohos.router.dylib in Embed Libraries */,
				DFE6AA29C821B80761A46A8C /* libcjmp.callback_invoke.dylib in Embed Libraries */,
				15E28BBFFCE1FB9492CE8C78 /* libohos.ui_test.dylib in Embed Libraries */,
				807959298FF9339627864333 /* libcangjie-std-runtime.dylib in Embed Libraries */,
				2201B91EB9252FC35839BEAD /* libcangjie-std-unittest.common.dylib in Embed Libraries */,
				87C6392129F89419DE6828C9 /* libohos.hi_tracemeter.dylib in Embed Libraries */,
				56D60AFCB818E409702445EF /* libcjmp.ffi.dylib in Embed Libraries */,
				5901968937905AEB459DC507 /* libohos.labels.dylib in Embed Libraries */,
				B30C7972235E66D65747F098 /* libcangjie-std-convert.dylib in Embed Libraries */,
				383D7923623DA57FC4B60380 /* libcangjie-std-math.dylib in Embed Libraries */,
				55149BF4CD799663E4E66D0A /* libohos.ffi.dylib in Embed Libraries */,
				F4ED11082D3AC4EECD8E4DB1 /* libcangjie-std-overflow.dylib in Embed Libraries */,
				D75227679CA97D4A5A93BD78 /* libcangjie-std-unittest.diff.dylib in Embed Libraries */,
				AD762B1BAD231E6CCF021B4E /* libohos.window.dylib in Embed Libraries */,
				5216A2E885E49DEE9114F25D /* libohos.ability.dylib in Embed Libraries */,
				691B10143D72AE0C5A903143 /* libohos.component.dylib in Embed Libraries */,
				87ABA8C74BC5843A44F770F8 /* libcangjie-std-env.dylib in Embed Libraries */,
				9A910C3365DD9B8F6AF7089D /* libcommon.dylib in Embed Libraries */,
				B38D4E7E21A5EF59CEABB209 /* libohos.resource_manager.dylib in Embed Libraries */,
				3AD6EE445632FE82676B00F4 /* libcangjie-std-unittest.dylib in Embed Libraries */,
				27D9C5D9EA3B422F0A44B148 /* libboundscheck.dylib in Embed Libraries */,
				FAABED43C576C92CAE6CA7FF /* libcangjie-std-argopt.dylib in Embed Libraries */,
				0E94A9BFDDD6ADDC7047FD1E /* libcangjie-std-regex.dylib in Embed Libraries */,
				963638F89DC27FC173435983 /* libohos.eventhub.dylib in Embed Libraries */,
				9872278D007613D428B50818 /* libcangjie-std-random.dylib in Embed Libraries */,
				0F0DC443102C5866EE2FE9EA /* libohos.rpc.dylib in Embed Libraries */,
				6B8F2FC2E0F2FAB3CEC39D30 /* libcjmp.labels.dylib in Embed Libraries */,
				C7B50C126868CFA57E90ECFC /* libnet_connection.dylib in Embed Libraries */,
				DA6875E72630F76937FF0205 /* libjnicjmp.dylib in Embed Libraries */,
				2D1375E37439DA37FA516384 /* libohos.encoding.json.dylib in Embed Libraries */,
				FF41FD33D4AA50BA875D9AC9 /* libohos.image.dylib in Embed Libraries */,
				B71320ADDDDB4B4B5290A2BD /* libcjmp.business_exception.dylib in Embed Libraries */,
				192F3878CE0C328D717A76F0 /* libohos.base.dylib in Embed Libraries */,
				530AECD8D6D7EB4687B46746 /* libohos.color_manager.dylib in Embed Libraries */,
				45D730B577FDA0DB9DBED002 /* libohos.state_manage.dylib in Embed Libraries */,
				E22757E9FF84EF3C74D07F7D /* libcangjie-std-core.dylib in Embed Libraries */,
				82B7C059C685DC14F43F9E97 /* libcangjie-std-collection.dylib in Embed Libraries */,
				53C392FD2BF9D858C380D521 /* libuitest.dylib in Embed Libraries */,
				90D82E1846D5BA283AB40ADA /* libcangjie-std-unittest.prop_test.dylib in Embed Libraries */,
				21E728390CBEE6AD6D55126A /* libcjmp.hilog.dylib in Embed Libraries */,
				AD0D04749CFD634BB5657673 /* libcangjie-std-fs.dylib in Embed Libraries */,
				22F6D739F6442F4B30AAD354 /* libcangjie-std-sort.dylib in Embed Libraries */,
				8B429E85857E0AFF1EAE751C /* libohos_app_cangjie_entry.dylib in Embed Libraries */,
				51BF5CF30B2AF6C30AE59C5D /* libohos.hilog.dylib in Embed Libraries */,
				6C2E44CD305D702648A19587 /* libkeels_ios.framework in Embed Libraries */,
			);
			name = "Embed Libraries";
			runOnlyForDeploymentPostprocessing = 0;
		};
/* End PBXCopyFilesBuildPhase section */

/* Begin PBXFileReference section */
		0219DDA3F9299714EC996FC1 /* libohos.ui_test.dylib */ = {isa = PBXFileReference; includeInIndex = 1; lastKnownFileType = "compiled.mach-o.dylib"; name = libohos.ui_test.dylib; path = frameworks/libohos.ui_test.dylib; sourceTree = "<group>"; };
		03A4C95ECA3AB7F2A70BB233 /* libohos.ability.dylib */ = {isa = PBXFileReference; includeInIndex = 1; lastKnownFileType = "compiled.mach-o.dylib"; name = libohos.ability.dylib; path = frameworks/libohos.ability.dylib; sourceTree = "<group>"; };
		08726B4958031FA64497769A /* XCTest.framework */ = {isa = PBXFileReference; lastKnownFileType = wrapper.framework; name = XCTest.framework; path = Platforms/iPhoneOS.platform/Developer/SDKs/iPhoneOS18.0.sdk/System/Library/Frameworks/XCTest.framework; sourceTree = DEVELOPER_DIR; };
		097EF602C832E3030A75C899 /* libcangjie-std-sort.dylib */ = {isa = PBXFileReference; includeInIndex = 1; lastKnownFileType = "compiled.mach-o.dylib"; name = "libcangjie-std-sort.dylib"; path = "frameworks/libcangjie-std-sort.dylib"; sourceTree = "<group>"; };
		0C0441DAE2C9ADA3F984B13A /* libcangjie-std-time.dylib */ = {isa = PBXFileReference; includeInIndex = 1; lastKnownFileType = "compiled.mach-o.dylib"; name = "libcangjie-std-time.dylib"; path = "frameworks/libcangjie-std-time.dylib"; sourceTree = "<group>"; };
		1058F8D39227C4E018F3FF30 /* libohos.base.dylib */ = {isa = PBXFileReference; includeInIndex = 1; lastKnownFileType = "compiled.mach-o.dylib"; name = libohos.base.dylib; path = frameworks/libohos.base.dylib; sourceTree = "<group>"; };
		12D8D47CEF90B5ACAA69F54E /* libcangjie-std-unittest.mock.internal.dylib */ = {isa = PBXFileReference; includeInIndex = 1; lastKnownFileType = "compiled.mach-o.dylib"; name = "libcangjie-std-unittest.mock.internal.dylib"; path = "frameworks/libcangjie-std-unittest.mock.internal.dylib"; sourceTree = "<group>"; };
		180C4B52942D672607147620 /* libcangjie-std-core.dylib */ = {isa = PBXFileReference; includeInIndex = 1; lastKnownFileType = "compiled.mach-o.dylib"; name = "libcangjie-std-core.dylib"; path = "frameworks/libcangjie-std-core.dylib"; sourceTree = "<group>"; };
		194F29F7A58788F1DA1C5F67 /* libcangjie-std-unicode.dylib */ = {isa = PBXFileReference; includeInIndex = 1; lastKnownFileType = "compiled.mach-o.dylib"; name = "libcangjie-std-unicode.dylib"; path = "frameworks/libcangjie-std-unicode.dylib"; sourceTree = "<group>"; };
		1A6FE7A31D6D452AF3582D4F /* libohos.state_manage.dylib */ = {isa = PBXFileReference; includeInIndex = 1; lastKnownFileType = "compiled.mach-o.dylib"; name = libohos.state_manage.dylib; path = frameworks/libohos.state_manage.dylib; sourceTree = "<group>"; };
		2009FC9A52A347D7417D4F54 /* libcangjie-std-binary.dylib */ = {isa = PBXFileReference; includeInIndex = 1; lastKnownFileType = "compiled.mach-o.dylib"; name = "libcangjie-std-binary.dylib"; path = "frameworks/libcangjie-std-binary.dylib"; sourceTree = "<group>"; };
		21C53E811DBF80E5EB7B921F /* libohos.bundle_manager.dylib */ = {isa = PBXFileReference; includeInIndex = 1; lastKnownFileType = "compiled.mach-o.dylib"; name = libohos.bundle_manager.dylib; path = frameworks/libohos.bundle_manager.dylib; sourceTree = "<group>"; };
		22AB54E8488FB529CCB5E4AD /* libohos_app_cangjie_entry.dylib */ = {isa = PBXFileReference; includeInIndex = 1; lastKnownFileType = "compiled.mach-o.dylib"; name = libohos_app_cangjie_entry.dylib; path = frameworks/libohos_app_cangjie_entry.dylib; sourceTree = "<group>"; };
		295DD3D5216B78FACA414772 /* libcangjie-std-regex.dylib */ = {isa = PBXFileReference; includeInIndex = 1; lastKnownFileType = "compiled.mach-o.dylib"; name = "libcangjie-std-regex.dylib"; path = "frameworks/libcangjie-std-regex.dylib"; sourceTree = "<group>"; };
		3261FBFFD037328A3A397565 /* libcjmp.labels.dylib */ = {isa = PBXFileReference; includeInIndex = 1; lastKnownFileType = "compiled.mach-o.dylib"; name = libcjmp.labels.dylib; path = frameworks/libcjmp.labels.dylib; sourceTree = "<group>"; };
		366140ECD3738893CC8CF4D0 /* libcangjie-std-io.dylib */ = {isa = PBXFileReference; includeInIndex = 1; lastKnownFileType = "compiled.mach-o.dylib"; name = "libcangjie-std-io.dylib"; path = "frameworks/libcangjie-std-io.dylib"; sourceTree = "<group>"; };
		3E9454CA2E0E7FBF00176E58 /* cjmp.app */ = {isa = PBXFileReference; explicitFileType = wrapper.application; includeInIndex = 0; name = cjmp.app; path = "build/Debug-iphoneos/cjmp.app"; sourceTree = SOURCE_ROOT; };
		3E9454CB2E0E7FBF00176E58 /* cjmpUITests.xctest */ = {isa = PBXFileReference; explicitFileType = wrapper.cfbundle; includeInIndex = 0; path = cjmpUITests.xctest; sourceTree = BUILT_PRODUCTS_DIR; };
		3E945BAD2E12513100176E58 /* keels */ = {isa = PBXFileReference; lastKnownFileType = folder; path = keels; sourceTree = "<group>"; };
		3F68B26767F8D281AE1C6084 /* libcangjie-std-env.dylib */ = {isa = PBXFileReference; includeInIndex = 1; lastKnownFileType = "compiled.mach-o.dylib"; name = "libcangjie-std-env.dylib"; path = "frameworks/libcangjie-std-env.dylib"; sourceTree = "<group>"; };
		4486DF14B269A7AA5B37AB83 /* libcangjie-std-net.dylib */ = {isa = PBXFileReference; includeInIndex = 1; lastKnownFileType = "compiled.mach-o.dylib"; name = "libcangjie-std-net.dylib"; path = "frameworks/libcangjie-std-net.dylib"; sourceTree = "<group>"; };
		49A9BDDADDE12AE98F729CB8 /* libcangjie-std-unittest.diff.dylib */ = {isa = PBXFileReference; includeInIndex = 1; lastKnownFileType = "compiled.mach-o.dylib"; name = "libcangjie-std-unittest.diff.dylib"; path = "frameworks/libcangjie-std-unittest.diff.dylib"; sourceTree = "<group>"; };
		4BF95B9FB4C2098EB56BA12A /* libcjmp.ffi.dylib */ = {isa = PBXFileReference; includeInIndex = 1; lastKnownFileType = "compiled.mach-o.dylib"; name = libcjmp.ffi.dylib; path = frameworks/libcjmp.ffi.dylib; sourceTree = "<group>"; };
		4D548B56DD6B6CF0CCF390EC /* libcangjie-std-unittest.mock.dylib */ = {isa = PBXFileReference; includeInIndex = 1; lastKnownFileType = "compiled.mach-o.dylib"; name = "libcangjie-std-unittest.mock.dylib"; path = "frameworks/libcangjie-std-unittest.mock.dylib"; sourceTree = "<group>"; };
		4D89D24ED0154304DE3AAD60 /* libohos.window.dylib */ = {isa = PBXFileReference; includeInIndex = 1; lastKnownFileType = "compiled.mach-o.dylib"; name = libohos.window.dylib; path = frameworks/libohos.window.dylib; sourceTree = "<group>"; };
		4E3FDE1B3DF0CB2C8F30FD69 /* libcangjie-std-unittest.common.dylib */ = {isa = PBXFileReference; includeInIndex = 1; lastKnownFileType = "compiled.mach-o.dylib"; name = "libcangjie-std-unittest.common.dylib"; path = "frameworks/libcangjie-std-unittest.common.dylib"; sourceTree = "<group>"; };
		5171BB4B9BA802DAF4EFD652 /* libohos.labels.dylib */ = {isa = PBXFileReference; includeInIndex = 1; lastKnownFileType = "compiled.mach-o.dylib"; name = libohos.labels.dylib; path = frameworks/libohos.labels.dylib; sourceTree = "<group>"; };
		561834659470A0BE456D096C /* libkeels_ios.framework */ = {isa = PBXFileReference; lastKnownFileType = wrapper.framework; name = libkeels_ios.framework; path = frameworks/libkeels_ios.framework; sourceTree = "<group>"; };
		58C9BB15E1DFCDF92195CD3E /* libohos.component.dylib */ = {isa = PBXFileReference; includeInIndex = 1; lastKnownFileType = "compiled.mach-o.dylib"; name = libohos.component.dylib; path = frameworks/libohos.component.dylib; sourceTree = "<group>"; };
		596E80E3B38B2917275B3565 /* libcangjie-std-overflow.dylib */ = {isa = PBXFileReference; includeInIndex = 1; lastKnownFileType = "compiled.mach-o.dylib"; name = "libcangjie-std-overflow.dylib"; path = "frameworks/libcangjie-std-overflow.dylib"; sourceTree = "<group>"; };
		5C46A3C89557D84764A20121 /* libohos.ffi.dylib */ = {isa = PBXFileReference; includeInIndex = 1; lastKnownFileType = "compiled.mach-o.dylib"; name = libohos.ffi.dylib; path = frameworks/libohos.ffi.dylib; sourceTree = "<group>"; };
		5D36177C31CD23DDF4B8AF24 /* libohos.resource_manager.dylib */ = {isa = PBXFileReference; includeInIndex = 1; lastKnownFileType = "compiled.mach-o.dylib"; name = libohos.resource_manager.dylib; path = frameworks/libohos.resource_manager.dylib; sourceTree = "<group>"; };
		6073D835E7CDEC2C931DECEC /* libcangjie-runtime.dylib */ = {isa = PBXFileReference; includeInIndex = 1; lastKnownFileType = "compiled.mach-o.dylib"; name = "libcangjie-runtime.dylib"; path = "frameworks/libcangjie-runtime.dylib"; sourceTree = "<group>"; };
		637670D560E6942323AB8132 /* libcangjie-std-sync.dylib */ = {isa = PBXFileReference; includeInIndex = 1; lastKnownFileType = "compiled.mach-o.dylib"; name = "libcangjie-std-sync.dylib"; path = "frameworks/libcangjie-std-sync.dylib"; sourceTree = "<group>"; };
		7104D7F8E96155275D9B8C77 /* libcangjie-std-collection.dylib */ = {isa = PBXFileReference; includeInIndex = 1; lastKnownFileType = "compiled.mach-o.dylib"; name = "libcangjie-std-collection.dylib"; path = "frameworks/libcangjie-std-collection.dylib"; sourceTree = "<group>"; };
		71FF15C43B8A708606947487 /* libohos.matrix4.dylib */ = {isa = PBXFileReference; includeInIndex = 1; lastKnownFileType = "compiled.mach-o.dylib"; name = libohos.matrix4.dylib; path = frameworks/libohos.matrix4.dylib; sourceTree = "<group>"; };
		7761EF7DC67F84C8DEE3972E /* libcangjie-std-unittest.dylib */ = {isa = PBXFileReference; includeInIndex = 1; lastKnownFileType = "compiled.mach-o.dylib"; name = "libcangjie-std-unittest.dylib"; path = "frameworks/libcangjie-std-unittest.dylib"; sourceTree = "<group>"; };
		784AC4B22A81729A48E9E688 /* libboundscheck.dylib */ = {isa = PBXFileReference; includeInIndex = 1; lastKnownFileType = "compiled.mach-o.dylib"; name = libboundscheck.dylib; path = frameworks/libboundscheck.dylib; sourceTree = "<group>"; };
		7C7A8FA1841C5B987731713A /* CjmpUITests.swift */ = {isa = PBXFileReference; includeInIndex = 1; lastKnownFileType = sourcecode.swift; name = CjmpUITests.swift; path = cjmpUITests/CjmpUITests.swift; sourceTree = "<group>"; };
		7E66CC12C542E42BF29BFD36 /* libohos.color_manager.dylib */ = {isa = PBXFileReference; includeInIndex = 1; lastKnownFileType = "compiled.mach-o.dylib"; name = libohos.color_manager.dylib; path = frameworks/libohos.color_manager.dylib; sourceTree = "<group>"; };
		7FB347B412FDCFDFD96F412E /* libohos.webview.dylib */ = {isa = PBXFileReference; includeInIndex = 1; lastKnownFileType = "compiled.mach-o.dylib"; name = libohos.webview.dylib; path = frameworks/libohos.webview.dylib; sourceTree = "<group>"; };
		818F7FD9D05B962C9707A2BC /* libcjmp.hilog.dylib */ = {isa = PBXFileReference; includeInIndex = 1; lastKnownFileType = "compiled.mach-o.dylib"; name = libcjmp.hilog.dylib; path = frameworks/libcjmp.hilog.dylib; sourceTree = "<group>"; };
		84C139CD6495C8E70EEF4AC6 /* libcangjie-std-unittest.prop_test.dylib */ = {isa = PBXFileReference; includeInIndex = 1; lastKnownFileType = "compiled.mach-o.dylib"; name = "libcangjie-std-unittest.prop_test.dylib"; path = "frameworks/libcangjie-std-unittest.prop_test.dylib"; sourceTree = "<group>"; };
		8816C7971DEF52509F74DE80 /* libohos.hilog.dylib */ = {isa = PBXFileReference; includeInIndex = 1; lastKnownFileType = "compiled.mach-o.dylib"; name = libohos.hilog.dylib; path = frameworks/libohos.hilog.dylib; sourceTree = "<group>"; };
		89ADD4A692756EB619F84672 /* libohos.hi_tracemeter.dylib */ = {isa = PBXFileReference; includeInIndex = 1; lastKnownFileType = "compiled.mach-o.dylib"; name = libohos.hi_tracemeter.dylib; path = frameworks/libohos.hi_tracemeter.dylib; sourceTree = "<group>"; };
		89E41E4329F505070004F33E /* EntryEntryAbilityViewController.m */ = {isa = PBXFileReference; fileEncoding = 4; lastKnownFileType = sourcecode.c.objc; path = EntryEntryAbilityViewController.m; sourceTree = "<group>"; };
		89E41E4429F505070004F33E /* EntryEntryAbilityViewController.h */ = {isa = PBXFileReference; fileEncoding = 4; lastKnownFileType = sourcecode.c.h; path = EntryEntryAbilityViewController.h; sourceTree = "<group>"; };
		91C33444300099E81AE47465 /* libohos.encoding.json.dylib */ = {isa = PBXFileReference; includeInIndex = 1; lastKnownFileType = "compiled.mach-o.dylib"; name = libohos.encoding.json.dylib; path = frameworks/libohos.encoding.json.dylib; sourceTree = "<group>"; };
		9393D10992FDBA2C39E6729A /* libjnicjmp.dylib */ = {isa = PBXFileReference; includeInIndex = 1; lastKnownFileType = "compiled.mach-o.dylib"; name = libjnicjmp.dylib; path = frameworks/libjnicjmp.dylib; sourceTree = "<group>"; };
		9A70B1E6A11D30D5CEB161B0 /* libcjmp.net.connection.dylib */ = {isa = PBXFileReference; includeInIndex = 1; lastKnownFileType = "compiled.mach-o.dylib"; name = libcjmp.net.connection.dylib; path = frameworks/libcjmp.net.connection.dylib; sourceTree = "<group>"; };
		9B6DFB4780A10A895E060740 /* libohos.eventhub.dylib */ = {isa = PBXFileReference; includeInIndex = 1; lastKnownFileType = "compiled.mach-o.dylib"; name = libohos.eventhub.dylib; path = frameworks/libohos.eventhub.dylib; sourceTree = "<group>"; };
		9E3FE25DEE78A7B36BB29F74 /* libohos.router.dylib */ = {isa = PBXFileReference; includeInIndex = 1; lastKnownFileType = "compiled.mach-o.dylib"; name = libohos.router.dylib; path = frameworks/libohos.router.dylib; sourceTree = "<group>"; };
		A696A8B29FD916EEF3A8A186 /* libohos.image.dylib */ = {isa = PBXFileReference; includeInIndex = 1; lastKnownFileType = "compiled.mach-o.dylib"; name = libohos.image.dylib; path = frameworks/libohos.image.dylib; sourceTree = "<group>"; };
		A83ABA8D9CAF362E22C5CC80 /* libcangjie-std-random.dylib */ = {isa = PBXFileReference; includeInIndex = 1; lastKnownFileType = "compiled.mach-o.dylib"; name = "libcangjie-std-random.dylib"; path = "frameworks/libcangjie-std-random.dylib"; sourceTree = "<group>"; };
		A9D3A55800AA71DCCD015B0E /* libcangjie-std-collection.concurrent.dylib */ = {isa = PBXFileReference; includeInIndex = 1; lastKnownFileType = "compiled.mach-o.dylib"; name = "libcangjie-std-collection.concurrent.dylib"; path = "frameworks/libcangjie-std-collection.concurrent.dylib"; sourceTree = "<group>"; };
		B1A1F07551471BEEA2EB912A /* libpcre2-8.0.dylib */ = {isa = PBXFileReference; includeInIndex = 1; lastKnownFileType = "compiled.mach-o.dylib"; name = "libpcre2-8.0.dylib"; path = "frameworks/libpcre2-8.0.dylib"; sourceTree = "<group>"; };
		B3D9779B4B1A5CB5CEEB9EC9 /* libcangjie-std-runtime.dylib */ = {isa = PBXFileReference; includeInIndex = 1; lastKnownFileType = "compiled.mach-o.dylib"; name = "libcangjie-std-runtime.dylib"; path = "frameworks/libcangjie-std-runtime.dylib"; sourceTree = "<group>"; };
		BFB3EDFFD664753A0EF6F7B3 /* libcommon.dylib */ = {isa = PBXFileReference; includeInIndex = 1; lastKnownFileType = "compiled.mach-o.dylib"; name = libcommon.dylib; path = frameworks/libcommon.dylib; sourceTree = "<group>"; };
		C2E75399E9E787EF0EA66A54 /* libhilog.dylib */ = {isa = PBXFileReference; includeInIndex = 1; lastKnownFileType = "compiled.mach-o.dylib"; name = libhilog.dylib; path = frameworks/libhilog.dylib; sourceTree = "<group>"; };
		C7A04988E2A09388F500DEFA /* libohos.ui_resource.dylib */ = {isa = PBXFileReference; includeInIndex = 1; lastKnownFileType = "compiled.mach-o.dylib"; name = libohos.ui_resource.dylib; path = frameworks/libohos.ui_resource.dylib; sourceTree = "<group>"; };
		C89A239B7D22EBB0E14C8EAA /* libnet_connection.dylib */ = {isa = PBXFileReference; includeInIndex = 1; lastKnownFileType = "compiled.mach-o.dylib"; name = libnet_connection.dylib; path = frameworks/libnet_connection.dylib; sourceTree = "<group>"; };
		C9AD6A13436F4A62AB7D5A5C /* libohos.web.net_error_list.dylib */ = {isa = PBXFileReference; includeInIndex = 1; lastKnownFileType = "compiled.mach-o.dylib"; name = libohos.web.net_error_list.dylib; path = frameworks/libohos.web.net_error_list.dylib; sourceTree = "<group>"; };
		CA4F64C0EFA34D7D3FA8F4ED /* libcangjie-std-process.dylib */ = {isa = PBXFileReference; includeInIndex = 1; lastKnownFileType = "compiled.mach-o.dylib"; name = "libcangjie-std-process.dylib"; path = "frameworks/libcangjie-std-process.dylib"; sourceTree = "<group>"; };
		CEA38B1BCDDF36C6CC3CB337 /* libuitest.dylib */ = {isa = PBXFileReference; includeInIndex = 1; lastKnownFileType = "compiled.mach-o.dylib"; name = libuitest.dylib; path = frameworks/libuitest.dylib; sourceTree = "<group>"; };
		D312F99A7D819EF5AE1FDF63 /* libcangjie-std-fs.dylib */ = {isa = PBXFileReference; includeInIndex = 1; lastKnownFileType = "compiled.mach-o.dylib"; name = "libcangjie-std-fs.dylib"; path = "frameworks/libcangjie-std-fs.dylib"; sourceTree = "<group>"; };
		D5FB5550DB269E00EA80BED1 /* libcangjie-std-math.dylib */ = {isa = PBXFileReference; includeInIndex = 1; lastKnownFileType = "compiled.mach-o.dylib"; name = "libcangjie-std-math.dylib"; path = "frameworks/libcangjie-std-math.dylib"; sourceTree = "<group>"; };
		DBD91BBEC5A40E682A2C564F /* libcjmp.callback_invoke.dylib */ = {isa = PBXFileReference; includeInIndex = 1; lastKnownFileType = "compiled.mach-o.dylib"; name = libcjmp.callback_invoke.dylib; path = frameworks/libcjmp.callback_invoke.dylib; sourceTree = "<group>"; };
		E266953D82C727040677E79F /* Foundation.framework */ = {isa = PBXFileReference; lastKnownFileType = wrapper.framework; name = Foundation.framework; path = Platforms/iPhoneOS.platform/Developer/SDKs/iPhoneOS18.0.sdk/System/Library/Frameworks/Foundation.framework; sourceTree = DEVELOPER_DIR; };
		E3CC6667A17C94F62DF0EEF3 /* libcangjie-std-argopt.dylib */ = {isa = PBXFileReference; includeInIndex = 1; lastKnownFileType = "compiled.mach-o.dylib"; name = "libcangjie-std-argopt.dylib"; path = "frameworks/libcangjie-std-argopt.dylib"; sourceTree = "<group>"; };
		EDF06EDA9E5D7E214AA7888A /* libcjmp.business_exception.dylib */ = {isa = PBXFileReference; includeInIndex = 1; lastKnownFileType = "compiled.mach-o.dylib"; name = libcjmp.business_exception.dylib; path = frameworks/libcjmp.business_exception.dylib; sourceTree = "<group>"; };
		F07229C210165AE1066BF3A8 /* libohos.rpc.dylib */ = {isa = PBXFileReference; includeInIndex = 1; lastKnownFileType = "compiled.mach-o.dylib"; name = libohos.rpc.dylib; path = frameworks/libohos.rpc.dylib; sourceTree = "<group>"; };
		F0AF1AD027D3684F008C55DD /* AppDelegate.h */ = {isa = PBXFileReference; lastKnownFileType = sourcecode.c.h; path = AppDelegate.h; sourceTree = "<group>"; };
		F0AF1AD127D3684F008C55DD /* AppDelegate.m */ = {isa = PBXFileReference; lastKnownFileType = sourcecode.cpp.objcpp; path = AppDelegate.m; sourceTree = "<group>"; };
		F0AF1ADC27D36856008C55DD /* Assets.xcassets */ = {isa = PBXFileReference; lastKnownFileType = folder.assetcatalog; path = Assets.xcassets; sourceTree = "<group>"; };
		F0AF1ADF27D36856008C55DD /* Base */ = {isa = PBXFileReference; lastKnownFileType = file.storyboard; name = Base; path = Base.lproj/LaunchScreen.storyboard; sourceTree = "<group>"; };
		F0AF1AE127D36856008C55DD /* Info.plist */ = {isa = PBXFileReference; lastKnownFileType = text.plist.xml; path = Info.plist; sourceTree = "<group>"; };
		F0AF1AE227D36856008C55DD /* main.m */ = {isa = PBXFileReference; lastKnownFileType = sourcecode.c.objc; path = main.m; sourceTree = "<group>"; };
		F6ED2F5E66D43312A1586414 /* libcangjie-std-convert.dylib */ = {isa = PBXFileReference; includeInIndex = 1; lastKnownFileType = "compiled.mach-o.dylib"; name = "libcangjie-std-convert.dylib"; path = "frameworks/libcangjie-std-convert.dylib"; sourceTree = "<group>"; };
/* End PBXFileReference section */

/* Begin PBXFrameworksBuildPhase section */
		C83BC8FF64DC5B898F67D9CD /* Frameworks */ = {
			isa = PBXFrameworksBuildPhase;
			buildActionMask = 2147483647;
			files = (
				3C8D0FA587E43BD72F95B5DC /* Foundation.framework in Frameworks */,
				426941900BCEABA4D5918DF0 /* XCTest.framework in Frameworks */,
			);
			runOnlyForDeploymentPostprocessing = 0;
		};
		F0AF1ACA27D3684F008C55DD /* Frameworks */ = {
			isa = PBXFrameworksBuildPhase;
			buildActionMask = 2147483647;
			files = (
				CCB27A58B7153727F0AC81CD /* libohos.ui_resource.dylib in Frameworks */,
				C69BB006CC7C73734A850BE6 /* libcangjie-std-collection.concurrent.dylib in Frameworks */,
				B78B3E78F87D05875E4EC066 /* libcangjie-runtime.dylib in Frameworks */,
				6252028EF6F06B406976FF34 /* libcangjie-std-binary.dylib in Frameworks */,
				C7DD9D6B07A071235C6934D1 /* libohos.web.net_error_list.dylib in Frameworks */,
				5B1BD633C853921EB27C85DE /* libohos.matrix4.dylib in Frameworks */,
				FD699F11EA0FFC5CF78440DF /* libcangjie-std-process.dylib in Frameworks */,
				4E331F1F235A5DD7DED4C0FC /* libcangjie-std-net.dylib in Frameworks */,
				306F809691092D0817D1DF81 /* libcangjie-std-io.dylib in Frameworks */,
				2E455A0FCBED7C2DBB8D42A7 /* libohos.webview.dylib in Frameworks */,
				C7BE7217AC77A77E01E188BA /* libcangjie-std-unittest.mock.dylib in Frameworks */,
				B2D3B8C73474987C22D6A775 /* libcangjie-std-time.dylib in Frameworks */,
				B54C9999D96741B63624F2CF /* libpcre2-8.0.dylib in Frameworks */,
				C68CAFF0ED31B7993A9DE4D9 /* libcangjie-std-unittest.mock.internal.dylib in Frameworks */,
				43758C520BC597A996AB7B55 /* libcangjie-std-unicode.dylib in Frameworks */,
				B16B76CD1BFE930E495CF5C5 /* libcjmp.net.connection.dylib in Frameworks */,
				B978A5D33364CD549DAA5054 /* libhilog.dylib in Frameworks */,
				794E3318DFDB689D864EF232 /* libcangjie-std-sync.dylib in Frameworks */,
				7CBD7B53A234DD45DAF274A0 /* libohos.bundle_manager.dylib in Frameworks */,
				F7D9DFA21E90E56313A25C2C /* libohos.router.dylib in Frameworks */,
				6B6AC3395386D73B26438E8D /* libcjmp.callback_invoke.dylib in Frameworks */,
				EB3F88522AFE27E486930218 /* libohos.ui_test.dylib in Frameworks */,
				8D3DCA3AAC54F6681465278D /* libcangjie-std-runtime.dylib in Frameworks */,
				D1CEDE3D1F6C0E62EFF9060D /* libcangjie-std-unittest.common.dylib in Frameworks */,
				A29EFD9947AC6880AF25DD2D /* libohos.hi_tracemeter.dylib in Frameworks */,
				44CEE07F967D0EEF81A8C40F /* libcjmp.ffi.dylib in Frameworks */,
				5669EFE4533DEF594D8DAF56 /* libohos.labels.dylib in Frameworks */,
				94E96B315F6B578670D1EA7D /* libcangjie-std-convert.dylib in Frameworks */,
				B13C36B6F5CB4E8D2B2E7E6A /* libcangjie-std-math.dylib in Frameworks */,
				FBB9CA3894D617180722BFDC /* libohos.ffi.dylib in Frameworks */,
				D5CB86F6E806483A5984D9D3 /* libcangjie-std-overflow.dylib in Frameworks */,
				99CA87836556B563C072C850 /* libcangjie-std-unittest.diff.dylib in Frameworks */,
				AC103FC38BB89C4AF36EF64B /* libohos.window.dylib in Frameworks */,
				F2E8FD97B6F629F4AB47A9F9 /* libohos.ability.dylib in Frameworks */,
				0524BEBE953293EFACCAF3D4 /* libohos.component.dylib in Frameworks */,
				4085E03ED7D52386C06C868C /* libcangjie-std-env.dylib in Frameworks */,
				4FD870F1EE9AB7AFE7890FA7 /* libcommon.dylib in Frameworks */,
				5A1C71A854EE2135351E6E55 /* libohos.resource_manager.dylib in Frameworks */,
				87EB1FB00C9EEC27548BCD48 /* libcangjie-std-unittest.dylib in Frameworks */,
				0D84B330C3C1C615E1761D56 /* libboundscheck.dylib in Frameworks */,
				ADCA41D564CBEFCFA7C81B91 /* libcangjie-std-argopt.dylib in Frameworks */,
				98BF09C4FF6F87F713CF9B6E /* libcangjie-std-regex.dylib in Frameworks */,
				5CEF58DEC6A0DB1306639574 /* libohos.eventhub.dylib in Frameworks */,
				46EE92D48A079C5B819C4E53 /* libcangjie-std-random.dylib in Frameworks */,
				3970943F082D13A51CAE8979 /* libohos.rpc.dylib in Frameworks */,
				94ED0A03B5D9C4C5E5157EC0 /* libcjmp.labels.dylib in Frameworks */,
				A02D11CD0D35E8157A383A19 /* libnet_connection.dylib in Frameworks */,
				B90D9F70CD3D45333349E1A7 /* libjnicjmp.dylib in Frameworks */,
				5F9E56671630D49C54C8478C /* libohos.encoding.json.dylib in Frameworks */,
				94EBAC6B1F790CF65E5A6BA7 /* libohos.image.dylib in Frameworks */,
				2BAAFF049AA8841F9AFFA243 /* libcjmp.business_exception.dylib in Frameworks */,
				529EC0EED452293563ACED81 /* libohos.base.dylib in Frameworks */,
				F670FD1BE21BC1509CD17582 /* libohos.color_manager.dylib in Frameworks */,
				C6B757CB0F88E7B876B3A4B3 /* libohos.state_manage.dylib in Frameworks */,
				CAADC0C3FE4A577353FB5391 /* libcangjie-std-core.dylib in Frameworks */,
				81D87D5E5E9A16E1222F91C1 /* libcangjie-std-collection.dylib in Frameworks */,
				8722ED47A7275D233234B7DA /* libuitest.dylib in Frameworks */,
				64F1FD647BDAEA61F70153D1 /* libcangjie-std-unittest.prop_test.dylib in Frameworks */,
				0D66F944FC09D61B5ABB8C21 /* libcjmp.hilog.dylib in Frameworks */,
				617F761228854C4B6F79AE98 /* libcangjie-std-fs.dylib in Frameworks */,
				32C1D9CBCF00A9B954D1A280 /* libcangjie-std-sort.dylib in Frameworks */,
				5C9AD3DC7C3E152B8F6780DE /* libohos_app_cangjie_entry.dylib in Frameworks */,
				03E799697380BAD63708D06C /* libohos.hilog.dylib in Frameworks */,
				7E437E2976A7B3497299EE64 /* libkeels_ios.framework in Frameworks */,
			);
			runOnlyForDeploymentPostprocessing = 0;
		};
/* End PBXFrameworksBuildPhase section */

/* Begin PBXGroup section */
		10AED7C294DB338E8B3B3C8C /* iOS */ = {
			isa = PBXGroup;
			children = (
				E266953D82C727040677E79F /* Foundation.framework */,
				08726B4958031FA64497769A /* XCTest.framework */,
			);
			name = iOS;
			sourceTree = "<group>";
		};
		A6FE2DFB4A12B953C12220D9 /* cjmpUITests */ = {
			isa = PBXGroup;
			children = (
				7C7A8FA1841C5B987731713A /* CjmpUITests.swift */,
			);
			name = cjmpUITests;
			sourceTree = "<group>";
		};
		F0AF1AC427D3684F008C55DD = {
			isa = PBXGroup;
			children = (
				3E945BAD2E12513100176E58 /* keels */,
				F0AF1ACF27D3684F008C55DD /* cjmp */,
				F0AF1AEB27D36948008C55DD /* Frameworks */,
				A6FE2DFB4A12B953C12220D9 /* cjmpUITests */,
			);
			sourceTree = "<group>";
		};
		F0AF1ACF27D3684F008C55DD /* cjmp */ = {
			isa = PBXGroup;
			children = (
				89E41E4429F505070004F33E /* EntryEntryAbilityViewController.h */,
				89E41E4329F505070004F33E /* EntryEntryAbilityViewController.m */,
				F0AF1AD027D3684F008C55DD /* AppDelegate.h */,
				F0AF1AD127D3684F008C55DD /* AppDelegate.m */,
				F0AF1ADC27D36856008C55DD /* Assets.xcassets */,
				F0AF1ADE27D36856008C55DD /* LaunchScreen.storyboard */,
				F0AF1AE127D36856008C55DD /* Info.plist */,
				F0AF1AE227D36856008C55DD /* main.m */,
			);
			path = cjmp;
			sourceTree = "<group>";
		};
		F0AF1AEB27D36948008C55DD /* Frameworks */ = {
			isa = PBXGroup;
			children = (
				10AED7C294DB338E8B3B3C8C /* iOS */,
				C7A04988E2A09388F500DEFA /* libohos.ui_resource.dylib */,
				A9D3A55800AA71DCCD015B0E /* libcangjie-std-collection.concurrent.dylib */,
				6073D835E7CDEC2C931DECEC /* libcangjie-runtime.dylib */,
				2009FC9A52A347D7417D4F54 /* libcangjie-std-binary.dylib */,
				C9AD6A13436F4A62AB7D5A5C /* libohos.web.net_error_list.dylib */,
				71FF15C43B8A708606947487 /* libohos.matrix4.dylib */,
				CA4F64C0EFA34D7D3FA8F4ED /* libcangjie-std-process.dylib */,
				4486DF14B269A7AA5B37AB83 /* libcangjie-std-net.dylib */,
				366140ECD3738893CC8CF4D0 /* libcangjie-std-io.dylib */,
				7FB347B412FDCFDFD96F412E /* libohos.webview.dylib */,
				4D548B56DD6B6CF0CCF390EC /* libcangjie-std-unittest.mock.dylib */,
				0C0441DAE2C9ADA3F984B13A /* libcangjie-std-time.dylib */,
				B1A1F07551471BEEA2EB912A /* libpcre2-8.0.dylib */,
				12D8D47CEF90B5ACAA69F54E /* libcangjie-std-unittest.mock.internal.dylib */,
				194F29F7A58788F1DA1C5F67 /* libcangjie-std-unicode.dylib */,
				9A70B1E6A11D30D5CEB161B0 /* libcjmp.net.connection.dylib */,
				C2E75399E9E787EF0EA66A54 /* libhilog.dylib */,
				637670D560E6942323AB8132 /* libcangjie-std-sync.dylib */,
				21C53E811DBF80E5EB7B921F /* libohos.bundle_manager.dylib */,
				9E3FE25DEE78A7B36BB29F74 /* libohos.router.dylib */,
				DBD91BBEC5A40E682A2C564F /* libcjmp.callback_invoke.dylib */,
				0219DDA3F9299714EC996FC1 /* libohos.ui_test.dylib */,
				B3D9779B4B1A5CB5CEEB9EC9 /* libcangjie-std-runtime.dylib */,
				4E3FDE1B3DF0CB2C8F30FD69 /* libcangjie-std-unittest.common.dylib */,
				89ADD4A692756EB619F84672 /* libohos.hi_tracemeter.dylib */,
				4BF95B9FB4C2098EB56BA12A /* libcjmp.ffi.dylib */,
				5171BB4B9BA802DAF4EFD652 /* libohos.labels.dylib */,
				F6ED2F5E66D43312A1586414 /* libcangjie-std-convert.dylib */,
				D5FB5550DB269E00EA80BED1 /* libcangjie-std-math.dylib */,
				5C46A3C89557D84764A20121 /* libohos.ffi.dylib */,
				596E80E3B38B2917275B3565 /* libcangjie-std-overflow.dylib */,
				49A9BDDADDE12AE98F729CB8 /* libcangjie-std-unittest.diff.dylib */,
				4D89D24ED0154304DE3AAD60 /* libohos.window.dylib */,
				03A4C95ECA3AB7F2A70BB233 /* libohos.ability.dylib */,
				58C9BB15E1DFCDF92195CD3E /* libohos.component.dylib */,
				3F68B26767F8D281AE1C6084 /* libcangjie-std-env.dylib */,
				BFB3EDFFD664753A0EF6F7B3 /* libcommon.dylib */,
				5D36177C31CD23DDF4B8AF24 /* libohos.resource_manager.dylib */,
				7761EF7DC67F84C8DEE3972E /* libcangjie-std-unittest.dylib */,
				784AC4B22A81729A48E9E688 /* libboundscheck.dylib */,
				E3CC6667A17C94F62DF0EEF3 /* libcangjie-std-argopt.dylib */,
				295DD3D5216B78FACA414772 /* libcangjie-std-regex.dylib */,
				9B6DFB4780A10A895E060740 /* libohos.eventhub.dylib */,
				A83ABA8D9CAF362E22C5CC80 /* libcangjie-std-random.dylib */,
				F07229C210165AE1066BF3A8 /* libohos.rpc.dylib */,
				3261FBFFD037328A3A397565 /* libcjmp.labels.dylib */,
				C89A239B7D22EBB0E14C8EAA /* libnet_connection.dylib */,
				9393D10992FDBA2C39E6729A /* libjnicjmp.dylib */,
				91C33444300099E81AE47465 /* libohos.encoding.json.dylib */,
				A696A8B29FD916EEF3A8A186 /* libohos.image.dylib */,
				EDF06EDA9E5D7E214AA7888A /* libcjmp.business_exception.dylib */,
				1058F8D39227C4E018F3FF30 /* libohos.base.dylib */,
				7E66CC12C542E42BF29BFD36 /* libohos.color_manager.dylib */,
				1A6FE7A31D6D452AF3582D4F /* libohos.state_manage.dylib */,
				180C4B52942D672607147620 /* libcangjie-std-core.dylib */,
				7104D7F8E96155275D9B8C77 /* libcangjie-std-collection.dylib */,
				CEA38B1BCDDF36C6CC3CB337 /* libuitest.dylib */,
				84C139CD6495C8E70EEF4AC6 /* libcangjie-std-unittest.prop_test.dylib */,
				818F7FD9D05B962C9707A2BC /* libcjmp.hilog.dylib */,
				D312F99A7D819EF5AE1FDF63 /* libcangjie-std-fs.dylib */,
				097EF602C832E3030A75C899 /* libcangjie-std-sort.dylib */,
				22AB54E8488FB529CCB5E4AD /* libohos_app_cangjie_entry.dylib */,
				8816C7971DEF52509F74DE80 /* libohos.hilog.dylib */,
				561834659470A0BE456D096C /* libkeels_ios.framework */,
			);
			name = Frameworks;
			sourceTree = "<group>";
		};
/* End PBXGroup section */

/* Begin PBXNativeTarget section */
		2F1D98A87C534890478F6C53 /* cjmpUITests */ = {
			isa = PBXNativeTarget;
			buildConfigurationList = BF552A5713266182AC607ED3 /* Build configuration list for PBXNativeTarget "cjmpUITests" */;
			buildPhases = (
				9E922EAC8A02D50F22ECF18B /* Sources */,
				C83BC8FF64DC5B898F67D9CD /* Frameworks */,
				B4CBFA9C8F4FEAA68CCA88C1 /* Resources */,
			);
			buildRules = (
			);
			dependencies = (
				BEC0570102DD0B71C578EF3D /* PBXTargetDependency */,
			);
			name = cjmpUITests;
			productName = cjmpUITests;
			productReference = 3E9454CB2E0E7FBF00176E58 /* cjmpUITests.xctest */;
			productType = "com.apple.product-type.bundle.ui-testing";
		};
		F0AF1ACC27D3684F008C55DD /* cjmp */ = {
			isa = PBXNativeTarget;
			buildConfigurationList = F0AF1AE627D36856008C55DD /* Build configuration list for PBXNativeTarget "cjmp" */;
			buildPhases = (
				F0AF1AC927D3684F008C55DD /* Sources */,
				F0AF1ACA27D3684F008C55DD /* Frameworks */,
				F0AF1ACB27D3684F008C55DD /* Resources */,
				3E9454492E0E789600176E58 /* Embed Libraries */,
				A1C100000000000000000001 /* Embed CJMP Runtime */,
			);
			buildRules = (
			);
			dependencies = (
			);
			name = cjmp;
			productName = cjmp;
			productReference = 3E9454CA2E0E7FBF00176E58 /* cjmp.app */;
			productType = "com.apple.product-type.application";
		};
/* End PBXNativeTarget section */

/* Begin PBXProject section */
		F0AF1AC527D3684F008C55DD /* Project object */ = {
			isa = PBXProject;
			attributes = {
				LastUpgradeCheck = 1300;
				TargetAttributes = {
					F0AF1ACC27D3684F008C55DD = {
						CreatedOnToolsVersion = 13.0;
					};
				};
			};
			buildConfigurationList = F0AF1AC827D3684F008C55DD /* Build configuration list for PBXProject "cjmp" */;
			compatibilityVersion = "Xcode 9.3";
			developmentRegion = en;
			hasScannedForEncodings = 0;
			knownRegions = (
				en,
				Base,
			);
			mainGroup = F0AF1AC427D3684F008C55DD;
			productRefGroup = F0AF1AC427D3684F008C55DD;
			projectDirPath = "";
			projectRoot = "";
			targets = (
				F0AF1ACC27D3684F008C55DD /* cjmp */,
				2F1D98A87C534890478F6C53 /* cjmpUITests */,
			);
		};
/* End PBXProject section */

/* Begin PBXResourcesBuildPhase section */
		B4CBFA9C8F4FEAA68CCA88C1 /* Resources */ = {
			isa = PBXResourcesBuildPhase;
			buildActionMask = 2147483647;
			files = (
			);
			runOnlyForDeploymentPostprocessing = 0;
		};
		F0AF1ACB27D3684F008C55DD /* Resources */ = {
			isa = PBXResourcesBuildPhase;
			buildActionMask = 2147483647;
			files = (
				3E945BAE2E12513100176E58 /* keels in Resources */,
				F0AF1AE027D36856008C55DD /* LaunchScreen.storyboard in Resources */,
				F0AF1ADD27D36856008C55DD /* Assets.xcassets in Resources */,
			);
			runOnlyForDeploymentPostprocessing = 0;
		};
/* End PBXResourcesBuildPhase section */

/* Begin PBXShellScriptBuildPhase section */
		A1C100000000000000000001 /* Embed CJMP Runtime */ = {
			isa = PBXShellScriptBuildPhase;
			buildActionMask = 2147483647;
			files = (
			);
			inputFileListPaths = (
			);
			inputPaths = (
			);
			name = "Embed CJMP Runtime";
			outputFileListPaths = (
			);
			outputPaths = (
			);
			runOnlyForDeploymentPostprocessing = 0;
			shellPath = /bin/sh;
			shellScript = "set -euo pipefail\nDEST=\"$TARGET_BUILD_DIR/$FRAMEWORKS_FOLDER_PATH\"\nSRC=\"$PROJECT_DIR/frameworks\"\nmkdir -p \"$DEST\"\nrsync -a \"$SRC/\" \"$DEST/\"\nif [ -n \"${EXPANDED_CODE_SIGN_IDENTITY:-}\" ]; then\n  find \"$DEST\" -maxdepth 1 \\( -name '*.framework' -o -name '*.dylib' \\) -print0 | while IFS= read -r -d '' item; do\n    codesign --force --sign \"$EXPANDED_CODE_SIGN_IDENTITY\" --timestamp=none \"$item\"\n  done\nfi\n";
		};
/* End PBXShellScriptBuildPhase section */

/* Begin PBXSourcesBuildPhase section */
		9E922EAC8A02D50F22ECF18B /* Sources */ = {
			isa = PBXSourcesBuildPhase;
			buildActionMask = 2147483647;
			files = (
				91FDBFE4939A54CE74319772 /* CjmpUITests.swift in Sources */,
			);
			runOnlyForDeploymentPostprocessing = 0;
		};
		F0AF1AC927D3684F008C55DD /* Sources */ = {
			isa = PBXSourcesBuildPhase;
			buildActionMask = 2147483647;
			files = (
				F0AF1AD227D3684F008C55DD /* AppDelegate.m in Sources */,
				89E41E4529F505070004F33E /* EntryEntryAbilityViewController.m in Sources */,
				F0AF1AE327D36856008C55DD /* main.m in Sources */,
			);
			runOnlyForDeploymentPostprocessing = 0;
		};
/* End PBXSourcesBuildPhase section */

/* Begin PBXTargetDependency section */
		BEC0570102DD0B71C578EF3D /* PBXTargetDependency */ = {
			isa = PBXTargetDependency;
			name = cjmp;
			target = F0AF1ACC27D3684F008C55DD /* cjmp */;
			targetProxy = 2A0A2DF8C12DCA827D456743 /* PBXContainerItemProxy */;
		};
/* End PBXTargetDependency section */

/* Begin PBXVariantGroup section */
		F0AF1ADE27D36856008C55DD /* LaunchScreen.storyboard */ = {
			isa = PBXVariantGroup;
			children = (
				F0AF1ADF27D36856008C55DD /* Base */,
			);
			name = LaunchScreen.storyboard;
			sourceTree = "<group>";
		};
/* End PBXVariantGroup section */

/* Begin XCBuildConfiguration section */
		353A9416FECD967BD5C4345E /* Debug */ = {
			isa = XCBuildConfiguration;
			buildSettings = {
				CLANG_ENABLE_OBJC_WEAK = NO;
				CODE_SIGN_IDENTITY = "Apple Development";
				CODE_SIGN_STYLE = Automatic;
				DEVELOPMENT_TEAM = GFKNN7LXAS;
				GENERATE_INFOPLIST_FILE = YES;
				IPHONEOS_DEPLOYMENT_TARGET = 12.0;
				LD_RUNPATH_SEARCH_PATHS = (
					"$(inherited)",
					"@executable_path/Frameworks",
					"@loader_path/Frameworks",
				);
				PRODUCT_BUNDLE_IDENTIFIER = com.example.cjmp.UITests;
				PRODUCT_NAME = "$(TARGET_NAME)";
				SDKROOT = iphoneos;
				SWIFT_VERSION = 5.0;
				TARGETED_DEVICE_FAMILY = "1,2";
				TEST_TARGET_NAME = cjmp;
			};
			name = Debug;
		};
		3D6BFB9AEAD42EB44034E46D /* Release */ = {
			isa = XCBuildConfiguration;
			buildSettings = {
				CLANG_ENABLE_OBJC_WEAK = NO;
				CODE_SIGN_IDENTITY = "Apple Development";
				CODE_SIGN_STYLE = Automatic;
				DEVELOPMENT_TEAM = GFKNN7LXAS;
				GENERATE_INFOPLIST_FILE = YES;
				IPHONEOS_DEPLOYMENT_TARGET = 12.0;
				LD_RUNPATH_SEARCH_PATHS = (
					"$(inherited)",
					"@executable_path/Frameworks",
					"@loader_path/Frameworks",
				);
				PRODUCT_BUNDLE_IDENTIFIER = com.example.cjmp.UITests;
				PRODUCT_NAME = "$(TARGET_NAME)";
				SDKROOT = iphoneos;
				SWIFT_VERSION = 5.0;
				TARGETED_DEVICE_FAMILY = "1,2";
				TEST_TARGET_NAME = cjmp;
				VALIDATE_PRODUCT = YES;
			};
			name = Release;
		};
		F0AF1AE427D36856008C55DD /* Debug */ = {
			isa = XCBuildConfiguration;
			buildSettings = {
				ALWAYS_SEARCH_USER_PATHS = NO;
				CLANG_ANALYZER_NONNULL = YES;
				CLANG_ANALYZER_NUMBER_OBJECT_CONVERSION = YES_AGGRESSIVE;
				CLANG_CXX_LANGUAGE_STANDARD = "gnu++17";
				CLANG_CXX_LIBRARY = "libc++";
				CLANG_ENABLE_MODULES = YES;
				CLANG_ENABLE_OBJC_ARC = YES;
				CLANG_ENABLE_OBJC_WEAK = YES;
				CLANG_WARN_BLOCK_CAPTURE_AUTORELEASING = YES;
				CLANG_WARN_BOOL_CONVERSION = YES;
				CLANG_WARN_COMMA = YES;
				CLANG_WARN_CONSTANT_CONVERSION = YES;
				CLANG_WARN_DEPRECATED_OBJC_IMPLEMENTATIONS = YES;
				CLANG_WARN_DIRECT_OBJC_ISA_USAGE = YES_ERROR;
				CLANG_WARN_DOCUMENTATION_COMMENTS = YES;
				CLANG_WARN_EMPTY_BODY = YES;
				CLANG_WARN_ENUM_CONVERSION = YES;
				CLANG_WARN_INFINITE_RECURSION = YES;
				CLANG_WARN_INT_CONVERSION = YES;
				CLANG_WARN_NON_LITERAL_NULL_CONVERSION = YES;
				CLANG_WARN_OBJC_IMPLICIT_RETAIN_SELF = YES;
				CLANG_WARN_OBJC_LITERAL_CONVERSION = YES;
				CLANG_WARN_OBJC_ROOT_CLASS = YES_ERROR;
				CLANG_WARN_QUOTED_INCLUDE_IN_FRAMEWORK_HEADER = YES;
				CLANG_WARN_RANGE_LOOP_ANALYSIS = YES;
				CLANG_WARN_STRICT_PROTOTYPES = YES;
				CLANG_WARN_SUSPICIOUS_MOVE = YES;
				CLANG_WARN_UNGUARDED_AVAILABILITY = YES_AGGRESSIVE;
				CLANG_WARN_UNREACHABLE_CODE = YES;
				CLANG_WARN__DUPLICATE_METHOD_MATCH = YES;
				COPY_PHASE_STRIP = NO;
				DEBUG_INFORMATION_FORMAT = dwarf;
				ENABLE_STRICT_OBJC_MSGSEND = YES;
				ENABLE_TESTABILITY = YES;
				GCC_C_LANGUAGE_STANDARD = gnu11;
				GCC_DYNAMIC_NO_PIC = NO;
				GCC_NO_COMMON_BLOCKS = YES;
				GCC_OPTIMIZATION_LEVEL = 0;
				GCC_PREPROCESSOR_DEFINITIONS = (
					"DEBUG=1",
					"$(inherited)",
				);
				GCC_WARN_64_TO_32_BIT_CONVERSION = YES;
				GCC_WARN_ABOUT_RETURN_TYPE = YES_ERROR;
				GCC_WARN_UNDECLARED_SELECTOR = YES;
				GCC_WARN_UNINITIALIZED_AUTOS = YES_AGGRESSIVE;
				GCC_WARN_UNUSED_FUNCTION = YES;
				GCC_WARN_UNUSED_VARIABLE = YES;
				IPHONEOS_DEPLOYMENT_TARGET = 12.0;
				MTL_ENABLE_DEBUG_INFO = INCLUDE_SOURCE;
				MTL_FAST_MATH = YES;
				ONLY_ACTIVE_ARCH = YES;
				SDKROOT = iphoneos;
			};
			name = Debug;
		};
		F0AF1AE527D36856008C55DD /* Release */ = {
			isa = XCBuildConfiguration;
			buildSettings = {
				ALWAYS_SEARCH_USER_PATHS = NO;
				CLANG_ANALYZER_NONNULL = YES;
				CLANG_ANALYZER_NUMBER_OBJECT_CONVERSION = YES_AGGRESSIVE;
				CLANG_CXX_LANGUAGE_STANDARD = "gnu++17";
				CLANG_CXX_LIBRARY = "libc++";
				CLANG_ENABLE_MODULES = YES;
				CLANG_ENABLE_OBJC_ARC = YES;
				CLANG_ENABLE_OBJC_WEAK = YES;
				CLANG_WARN_BLOCK_CAPTURE_AUTORELEASING = YES;
				CLANG_WARN_BOOL_CONVERSION = YES;
				CLANG_WARN_COMMA = YES;
				CLANG_WARN_CONSTANT_CONVERSION = YES;
				CLANG_WARN_DEPRECATED_OBJC_IMPLEMENTATIONS = YES;
				CLANG_WARN_DIRECT_OBJC_ISA_USAGE = YES_ERROR;
				CLANG_WARN_DOCUMENTATION_COMMENTS = YES;
				CLANG_WARN_EMPTY_BODY = YES;
				CLANG_WARN_ENUM_CONVERSION = YES;
				CLANG_WARN_INFINITE_RECURSION = YES;
				CLANG_WARN_INT_CONVERSION = YES;
				CLANG_WARN_NON_LITERAL_NULL_CONVERSION = YES;
				CLANG_WARN_OBJC_IMPLICIT_RETAIN_SELF = YES;
				CLANG_WARN_OBJC_LITERAL_CONVERSION = YES;
				CLANG_WARN_OBJC_ROOT_CLASS = YES_ERROR;
				CLANG_WARN_QUOTED_INCLUDE_IN_FRAMEWORK_HEADER = YES;
				CLANG_WARN_RANGE_LOOP_ANALYSIS = YES;
				CLANG_WARN_STRICT_PROTOTYPES = YES;
				CLANG_WARN_SUSPICIOUS_MOVE = YES;
				CLANG_WARN_UNGUARDED_AVAILABILITY = YES_AGGRESSIVE;
				CLANG_WARN_UNREACHABLE_CODE = YES;
				CLANG_WARN__DUPLICATE_METHOD_MATCH = YES;
				COPY_PHASE_STRIP = NO;
				DEBUG_INFORMATION_FORMAT = "dwarf-with-dsym";
				ENABLE_NS_ASSERTIONS = NO;
				ENABLE_STRICT_OBJC_MSGSEND = YES;
				GCC_C_LANGUAGE_STANDARD = gnu11;
				GCC_NO_COMMON_BLOCKS = YES;
				GCC_WARN_64_TO_32_BIT_CONVERSION = YES;
				GCC_WARN_ABOUT_RETURN_TYPE = YES_ERROR;
				GCC_WARN_UNDECLARED_SELECTOR = YES;
				GCC_WARN_UNINITIALIZED_AUTOS = YES_AGGRESSIVE;
				GCC_WARN_UNUSED_FUNCTION = YES;
				GCC_WARN_UNUSED_VARIABLE = YES;
				IPHONEOS_DEPLOYMENT_TARGET = 12.0;
				MTL_ENABLE_DEBUG_INFO = NO;
				MTL_FAST_MATH = YES;
				SDKROOT = iphoneos;
				VALIDATE_PRODUCT = YES;
			};
			name = Release;
		};
		F0AF1AE727D36856008C55DD /* Debug */ = {
			isa = XCBuildConfiguration;
			buildSettings = {
				ARCHS = arm64;
				ASSETCATALOG_COMPILER_APPICON_NAME = AppIcon;
				ASSETCATALOG_COMPILER_GLOBAL_ACCENT_COLOR_NAME = AccentColor;
				ASSETCATALOG_COMPILER_INCLUDE_ALL_APPICON_ASSETS = YES;
				CODE_SIGNING_ALLOWED = YES;
				CODE_SIGNING_REQUIRED = YES;
				CODE_SIGN_IDENTITY = "Apple Development";
				CODE_SIGN_STYLE = Automatic;
				CURRENT_PROJECT_VERSION = 1;
				DEVELOPMENT_TEAM = GFKNN7LXAS;
				ENABLE_BITCODE = NO;
				FRAMEWORK_SEARCH_PATHS = (
					"$(inherited)",
					"$(PROJECT_DIR)/frameworks",
				);
				GENERATE_INFOPLIST_FILE = YES;
				INFOPLIST_FILE = cjmp/Info.plist;
				INFOPLIST_KEY_UIApplicationSupportsIndirectInputEvents = YES;
				INFOPLIST_KEY_UILaunchStoryboardName = LaunchScreen;
				INFOPLIST_KEY_UISupportedInterfaceOrientations_iPad = "UIInterfaceOrientationPortrait UIInterfaceOrientationPortraitUpsideDown UIInterfaceOrientationLandscapeLeft UIInterfaceOrientationLandscapeRight";
				INFOPLIST_KEY_UISupportedInterfaceOrientations_iPhone = "UIInterfaceOrientationPortrait UIInterfaceOrientationLandscapeLeft UIInterfaceOrientationLandscapeRight";
				IPHONEOS_DEPLOYMENT_TARGET = 12.0;
				LD_RUNPATH_SEARCH_PATHS = (
					"$(inherited)",
					"@executable_path/Frameworks",
				);
				LIBRARY_SEARCH_PATHS = (
					"$(inherited)",
					"$(PROJECT_DIR)/frameworks",
				);
				MARKETING_VERSION = 1.0;
				OTHER_LDFLAGS = (
					"$(inherited)",
					"-framework",
					libkeels_ios,
				);
				PRODUCT_BUNDLE_IDENTIFIER = com.example.cjmp;
				PRODUCT_NAME = "$(TARGET_NAME:c99extidentifier)";
				PROVISIONING_PROFILE_SPECIFIER = "";
				SWIFT_EMIT_LOC_STRINGS = YES;
				TARGETED_DEVICE_FAMILY = "1,2";
				USER_HEADER_SEARCH_PATHS = "$(SRCROOT)/frameworks/libkeels_ios.framework/Headers/include";
			};
			name = Debug;
		};
		F0AF1AE827D36856008C55DD /* Release */ = {
			isa = XCBuildConfiguration;
			buildSettings = {
				ARCHS = arm64;
				ASSETCATALOG_COMPILER_APPICON_NAME = AppIcon;
				ASSETCATALOG_COMPILER_GLOBAL_ACCENT_COLOR_NAME = AccentColor;
				ASSETCATALOG_COMPILER_INCLUDE_ALL_APPICON_ASSETS = YES;
				CODE_SIGNING_ALLOWED = YES;
				CODE_SIGNING_REQUIRED = YES;
				CODE_SIGN_IDENTITY = "Apple Development";
				CODE_SIGN_STYLE = Automatic;
				CURRENT_PROJECT_VERSION = 1;
				DEVELOPMENT_TEAM = GFKNN7LXAS;
				ENABLE_BITCODE = NO;
				FRAMEWORK_SEARCH_PATHS = (
					"$(inherited)",
					"$(PROJECT_DIR)/frameworks",
				);
				GENERATE_INFOPLIST_FILE = YES;
				INFOPLIST_FILE = cjmp/Info.plist;
				INFOPLIST_KEY_UIApplicationSupportsIndirectInputEvents = YES;
				INFOPLIST_KEY_UILaunchStoryboardName = LaunchScreen;
				INFOPLIST_KEY_UISupportedInterfaceOrientations_iPad = "UIInterfaceOrientationPortrait UIInterfaceOrientationPortraitUpsideDown UIInterfaceOrientationLandscapeLeft UIInterfaceOrientationLandscapeRight";
				INFOPLIST_KEY_UISupportedInterfaceOrientations_iPhone = "UIInterfaceOrientationPortrait UIInterfaceOrientationLandscapeLeft UIInterfaceOrientationLandscapeRight";
				IPHONEOS_DEPLOYMENT_TARGET = 12.0;
				LD_RUNPATH_SEARCH_PATHS = (
					"$(inherited)",
					"@executable_path/Frameworks",
				);
				LIBRARY_SEARCH_PATHS = (
					"$(inherited)",
					"$(PROJECT_DIR)/frameworks",
				);
				MARKETING_VERSION = 1.0;
				OTHER_LDFLAGS = (
					"$(inherited)",
					"-framework",
					libkeels_ios,
				);
				PRODUCT_BUNDLE_IDENTIFIER = com.example.cjmp;
				PRODUCT_NAME = "$(TARGET_NAME:c99extidentifier)";
				PROVISIONING_PROFILE_SPECIFIER = "";
				SWIFT_EMIT_LOC_STRINGS = YES;
				TARGETED_DEVICE_FAMILY = "1,2";
				USER_HEADER_SEARCH_PATHS = "$(SRCROOT)/frameworks/libkeels_ios.framework/Headers/include";
			};
			name = Release;
		};
/* End XCBuildConfiguration section */

/* Begin XCConfigurationList section */
		BF552A5713266182AC607ED3 /* Build configuration list for PBXNativeTarget "cjmpUITests" */ = {
			isa = XCConfigurationList;
			buildConfigurations = (
				3D6BFB9AEAD42EB44034E46D /* Release */,
				353A9416FECD967BD5C4345E /* Debug */,
			);
			defaultConfigurationIsVisible = 0;
			defaultConfigurationName = Release;
		};
		F0AF1AC827D3684F008C55DD /* Build configuration list for PBXProject "cjmp" */ = {
			isa = XCConfigurationList;
			buildConfigurations = (
				F0AF1AE427D36856008C55DD /* Debug */,
				F0AF1AE527D36856008C55DD /* Release */,
			);
			defaultConfigurationIsVisible = 0;
			defaultConfigurationName = Release;
		};
		F0AF1AE627D36856008C55DD /* Build configuration list for PBXNativeTarget "cjmp" */ = {
			isa = XCConfigurationList;
			buildConfigurations = (
				F0AF1AE727D36856008C55DD /* Debug */,
				F0AF1AE827D36856008C55DD /* Release */,
			);
			defaultConfigurationIsVisible = 0;
			defaultConfigurationName = Release;
		};
/* End XCConfigurationList section */
	};
	rootObject = F0AF1AC527D3684F008C55DD /* Project object */;
}
